Microsoft Visual Studio Solution File, Format Version 12.00
# Visual Studio Version 16
VisualStudioVersion = 16.0.30320.27
MinimumVisualStudioVersion = 10.0.40219.1
Project("{2150E333-8FDC-42A3-9474-1A3956D46DE8}") = "Solution Items", "Solution Items", "{013DFD29-E1DB-4968-A67B-C2342E6F5B6E}"
	ProjectSection(SolutionItems) = preProject
		Clean.cmd = Clean.cmd
		Issue.txt = Issue.txt
		NuGet.Config = NuGet.Config
	EndProjectSection
EndProject
Project("{2150E333-8FDC-42A3-9474-1A3956D46DE8}") = "src", "src", "{3D04C4DC-6F8E-4326-9569-92F3E26C6EEB}"
EndProject
Project("{2150E333-8FDC-42A3-9474-1A3956D46DE8}") = "Libraries", "Libraries", "{C2F3FF04-9896-4AB9-9FCD-5AD6762A6AB8}"
EndProject
Project("{9A19103F-16F7-4668-BE54-9A1E7A4F7556}") = "DotNetty.TCP.Unity", "src\DotNetty.TCP\DotNetty.TCP.Unity.csproj", "{52CD2DB5-BACF-4809-AF14-4CE9A1B0E09B}"
EndProject
Project("{9A19103F-16F7-4668-BE54-9A1E7A4F7556}") = "Fenix.Runtime.Unity", "src\Fenix.Runtime\Fenix.Runtime.Unity.csproj", "{F1BE5EF2-67D5-4788-AF4E-3D4CC2BBFFE7}"
EndProject
Project("{9A19103F-16F7-4668-BE54-9A1E7A4F7556}") = "Server.App", "src\Server.App\Server.App.csproj", "{BC54CD42-6497-4E2D-946A-6788A99432BB}"
EndProject
Project("{9A19103F-16F7-4668-BE54-9A1E7A4F7556}") = "Fenix.Runtime", "src\Fenix.Runtime\Fenix.Runtime.csproj", "{7AA465D5-9953-4814-A002-99A125510B5F}"
EndProject
Project("{9A19103F-16F7-4668-BE54-9A1E7A4F7556}") = "Shared", "src\Shared\Shared.csproj", "{046C6C27-E77C-4D41-9741-77E822528B7E}"
EndProject
Project("{2150E333-8FDC-42A3-9474-1A3956D46DE8}") = "Unity", "Unity", "{D467C2A1-0B15-477F-A59D-2637399340A3}"
EndProject
Project("{9A19103F-16F7-4668-BE54-9A1E7A4F7556}") = "DotNetty.Buffers", "src\DotNetty.Buffers\DotNetty.Buffers.csproj", "{B71CE790-4EF0-4B0F-A85E-8EF18EF605F3}"
EndProject
Project("{9A19103F-16F7-4668-BE54-9A1E7A4F7556}") = "DotNetty.Codecs", "src\DotNetty.Codecs\DotNetty.Codecs.csproj", "{8FEF524F-01F1-495C-8DFC-FF7572B468BB}"
EndProject
Project("{9A19103F-16F7-4668-BE54-9A1E7A4F7556}") = "DotNetty.Common", "src\DotNetty.Common\DotNetty.Common.csproj", "{9C95F09C-F3C0-4B2E-8343-D04E94AF90C7}"
EndProject
Project("{9A19103F-16F7-4668-BE54-9A1E7A4F7556}") = "DotNetty.Handlers", "src\DotNetty.Handlers\DotNetty.Handlers.csproj", "{0FF1A954-0B42-4D2B-8705-88BA88D8ABE8}"
EndProject
Project("{9A19103F-16F7-4668-BE54-9A1E7A4F7556}") = "DotNetty.Transport", "src\DotNetty.Transport\DotNetty.Transport.csproj", "{011D2869-C9F7-4B8B-9BDD-59EEB374B62D}"
EndProject
Project("{9A19103F-16F7-4668-BE54-9A1E7A4F7556}") = "DotNetty.Transport.Libuv", "src\DotNetty.Transport.Libuv\DotNetty.Transport.Libuv.csproj", "{F6ECD8E8-6A70-4A5D-BDB4-5C4FCFB5915A}"
EndProject
Project("{9A19103F-16F7-4668-BE54-9A1E7A4F7556}") = "DotNetty.KCP", "src\DotNetty.KCP\DotNetty.KCP.csproj", "{749AB7E3-5CE4-4B41-94BC-88614E42A1B1}"
EndProject
Project("{9A19103F-16F7-4668-BE54-9A1E7A4F7556}") = "DotNetty.TCP", "src\DotNetty.TCP\DotNetty.TCP.csproj", "{0B7E2D26-65CD-4099-BF0B-F87668115457}"
EndProject
Project("{9A19103F-16F7-4668-BE54-9A1E7A4F7556}") = "MessagePack.UnityShims", "src\MessagePack.UnityShims\MessagePack.UnityShims.csproj", "{E389F6DC-206D-4E5F-ACF8-5DF2057AD43E}"
EndProject
Project("{9A19103F-16F7-4668-BE54-9A1E7A4F7556}") = "MessagePack.Annotations", "src\MessagePack.Annotations\MessagePack.Annotations.csproj", "{52384254-CF12-4E1B-986E-6051517BBD18}"
EndProject
Project("{9A19103F-16F7-4668-BE54-9A1E7A4F7556}") = "MessagePack", "src\MessagePack\MessagePack.csproj", "{8A01A3D7-9D9B-48F3-82B4-DCD13B8BC1F8}"
EndProject
Project("{9A19103F-16F7-4668-BE54-9A1E7A4F7556}") = "DotNetty.Codecs.Http", "src\DotNetty.Codecs.Http\DotNetty.Codecs.Http.csproj", "{9A7E30BB-CCDA-4447-ABBC-53C45865C7AA}"
EndProject
Project("{9A19103F-16F7-4668-BE54-9A1E7A4F7556}") = "DotNetty.Codecs.Http2", "src\DotNetty.Codecs.Http2\DotNetty.Codecs.Http2.csproj", "{68152316-E102-41E9-A1DA-4DD06352FDAD}"
EndProject
Project("{9A19103F-16F7-4668-BE54-9A1E7A4F7556}") = "DotNetty.Codecs.Mqtt", "src\DotNetty.Codecs.Mqtt\DotNetty.Codecs.Mqtt.csproj", "{7E36AC02-0D57-4745-955F-D897937F534F}"
EndProject
Project("{9A19103F-16F7-4668-BE54-9A1E7A4F7556}") = "DotNetty.Codecs.Redis", "src\DotNetty.Codecs.Redis\DotNetty.Codecs.Redis.csproj", "{EE29F476-B66F-497F-AF12-F539C8FFAF97}"
EndProject
Project("{9A19103F-16F7-4668-BE54-9A1E7A4F7556}") = "DotNetty.KCP.Unity", "src\DotNetty.KCP\DotNetty.KCP.Unity.csproj", "{7744CC96-E835-41D2-BD0A-0053AD67B9F2}"
EndProject
Project("{9A19103F-16F7-4668-BE54-9A1E7A4F7556}") = "Shared.Unity", "src\Shared\Shared.Unity.csproj", "{79B8E1F0-9E40-4FD5-A144-3BFA2FFF753C}"
EndProject
Project("{9A19103F-16F7-4668-BE54-9A1E7A4F7556}") = "Client.App", "src\Client.App\Client.App.csproj", "{C1C831B5-4334-4539-8E34-1F914197846E}"
EndProject
Project("{9A19103F-16F7-4668-BE54-9A1E7A4F7556}") = "Fenix.Runtime.Client", "src\Fenix.Runtime\Fenix.Runtime.Client.csproj", "{5FD0BA22-16D5-4E00-A572-6E36EA4C9E63}"
EndProject
Project("{9A19103F-16F7-4668-BE54-9A1E7A4F7556}") = "Shared.Client", "src\Shared\Shared.Client.csproj", "{63D0A0F4-110C-4975-A65C-F78EB9366512}"
EndProject
Project("{2150E333-8FDC-42A3-9474-1A3956D46DE8}") = "Tools", "Tools", "{13B3A5ED-274E-4821-8EC3-FF3C75E55D67}"
EndProject
Project("{FAE04EC0-301F-11D3-BF4B-00C04F79EFBC}") = "Fenix.Gen", "src\Fenix.Gen\Fenix.Gen.csproj", "{D3D96BD4-5365-47F0-9E00-88CB8DAB4594}"
EndProject
Project("{FAE04EC0-301F-11D3-BF4B-00C04F79EFBC}") = "Assembly-CSharp", "Unity\Assembly-CSharp.csproj", "{03938CCD-4B40-8DFB-6B9B-21988D5CAC0A}"
EndProject
Project("{FAE04EC0-301F-11D3-BF4B-00C04F79EFBC}") = "Assembly-CSharp-firstpass", "Unity\Assembly-CSharp-firstpass.csproj", "{09B46226-3263-561E-D797-C9025C53BDD6}"
EndProject
Project("{FAE04EC0-301F-11D3-BF4B-00C04F79EFBC}") = "Client.App.Unity", "src\Client.App\Client.App.Unity.csproj", "{6043EDD0-DE27-409B-8CC3-9F23DFBBEF95}"
EndProject
Global
	GlobalSection(SolutionConfigurationPlatforms) = preSolution
		Debug|Any CPU = Debug|Any CPU
		Debug|ARM = Debug|ARM
		Debug|x64 = Debug|x64
		Debug|x86 = Debug|x86
		Release|Any CPU = Release|Any CPU
		Release|ARM = Release|ARM
		Release|x64 = Release|x64
		Release|x86 = Release|x86
	EndGlobalSection
	GlobalSection(ProjectConfigurationPlatforms) = postSolution
		{52CD2DB5-BACF-4809-AF14-4CE9A1B0E09B}.Debug|Any CPU.ActiveCfg = Debug|Any CPU
		{52CD2DB5-BACF-4809-AF14-4CE9A1B0E09B}.Debug|Any CPU.Build.0 = Debug|Any CPU
		{52CD2DB5-BACF-4809-AF14-4CE9A1B0E09B}.Debug|ARM.ActiveCfg = Debug|Any CPU
		{52CD2DB5-BACF-4809-AF14-4CE9A1B0E09B}.Debug|ARM.Build.0 = Debug|Any CPU
		{52CD2DB5-BACF-4809-AF14-4CE9A1B0E09B}.Debug|x64.ActiveCfg = Debug|Any CPU
		{52CD2DB5-BACF-4809-AF14-4CE9A1B0E09B}.Debug|x64.Build.0 = Debug|Any CPU
		{52CD2DB5-BACF-4809-AF14-4CE9A1B0E09B}.Debug|x86.ActiveCfg = Debug|Any CPU
		{52CD2DB5-BACF-4809-AF14-4CE9A1B0E09B}.Debug|x86.Build.0 = Debug|Any CPU
		{52CD2DB5-BACF-4809-AF14-4CE9A1B0E09B}.Release|Any CPU.ActiveCfg = Release|Any CPU
		{52CD2DB5-BACF-4809-AF14-4CE9A1B0E09B}.Release|Any CPU.Build.0 = Release|Any CPU
		{52CD2DB5-BACF-4809-AF14-4CE9A1B0E09B}.Release|ARM.ActiveCfg = Release|Any CPU
		{52CD2DB5-BACF-4809-AF14-4CE9A1B0E09B}.Release|ARM.Build.0 = Release|Any CPU
		{52CD2DB5-BACF-4809-AF14-4CE9A1B0E09B}.Release|x64.ActiveCfg = Release|Any CPU
		{52CD2DB5-BACF-4809-AF14-4CE9A1B0E09B}.Release|x64.Build.0 = Release|Any CPU
		{52CD2DB5-BACF-4809-AF14-4CE9A1B0E09B}.Release|x86.ActiveCfg = Release|Any CPU
		{52CD2DB5-BACF-4809-AF14-4CE9A1B0E09B}.Release|x86.Build.0 = Release|Any CPU
		{F1BE5EF2-67D5-4788-AF4E-3D4CC2BBFFE7}.Debug|Any CPU.ActiveCfg = Debug|Any CPU
		{F1BE5EF2-67D5-4788-AF4E-3D4CC2BBFFE7}.Debug|Any CPU.Build.0 = Debug|Any CPU
		{F1BE5EF2-67D5-4788-AF4E-3D4CC2BBFFE7}.Debug|ARM.ActiveCfg = Debug|Any CPU
		{F1BE5EF2-67D5-4788-AF4E-3D4CC2BBFFE7}.Debug|ARM.Build.0 = Debug|Any CPU
		{F1BE5EF2-67D5-4788-AF4E-3D4CC2BBFFE7}.Debug|x64.ActiveCfg = Debug|Any CPU
		{F1BE5EF2-67D5-4788-AF4E-3D4CC2BBFFE7}.Debug|x64.Build.0 = Debug|Any CPU
		{F1BE5EF2-67D5-4788-AF4E-3D4CC2BBFFE7}.Debug|x86.ActiveCfg = Debug|Any CPU
		{F1BE5EF2-67D5-4788-AF4E-3D4CC2BBFFE7}.Debug|x86.Build.0 = Debug|Any CPU
		{F1BE5EF2-67D5-4788-AF4E-3D4CC2BBFFE7}.Release|Any CPU.ActiveCfg = Release|Any CPU
		{F1BE5EF2-67D5-4788-AF4E-3D4CC2BBFFE7}.Release|Any CPU.Build.0 = Release|Any CPU
		{F1BE5EF2-67D5-4788-AF4E-3D4CC2BBFFE7}.Release|ARM.ActiveCfg = Release|Any CPU
		{F1BE5EF2-67D5-4788-AF4E-3D4CC2BBFFE7}.Release|ARM.Build.0 = Release|Any CPU
		{F1BE5EF2-67D5-4788-AF4E-3D4CC2BBFFE7}.Release|x64.ActiveCfg = Release|Any CPU
		{F1BE5EF2-67D5-4788-AF4E-3D4CC2BBFFE7}.Release|x64.Build.0 = Release|Any CPU
		{F1BE5EF2-67D5-4788-AF4E-3D4CC2BBFFE7}.Release|x86.ActiveCfg = Release|Any CPU
		{F1BE5EF2-67D5-4788-AF4E-3D4CC2BBFFE7}.Release|x86.Build.0 = Release|Any CPU
		{BC54CD42-6497-4E2D-946A-6788A99432BB}.Debug|Any CPU.ActiveCfg = Debug|Any CPU
		{BC54CD42-6497-4E2D-946A-6788A99432BB}.Debug|Any CPU.Build.0 = Debug|Any CPU
		{BC54CD42-6497-4E2D-946A-6788A99432BB}.Debug|ARM.ActiveCfg = Debug|Any CPU
		{BC54CD42-6497-4E2D-946A-6788A99432BB}.Debug|ARM.Build.0 = Debug|Any CPU
		{BC54CD42-6497-4E2D-946A-6788A99432BB}.Debug|x64.ActiveCfg = Debug|Any CPU
		{BC54CD42-6497-4E2D-946A-6788A99432BB}.Debug|x64.Build.0 = Debug|Any CPU
		{BC54CD42-6497-4E2D-946A-6788A99432BB}.Debug|x86.ActiveCfg = Debug|Any CPU
		{BC54CD42-6497-4E2D-946A-6788A99432BB}.Debug|x86.Build.0 = Debug|Any CPU
		{BC54CD42-6497-4E2D-946A-6788A99432BB}.Release|Any CPU.ActiveCfg = Release|Any CPU
		{BC54CD42-6497-4E2D-946A-6788A99432BB}.Release|Any CPU.Build.0 = Release|Any CPU
		{BC54CD42-6497-4E2D-946A-6788A99432BB}.Release|ARM.ActiveCfg = Release|Any CPU
		{BC54CD42-6497-4E2D-946A-6788A99432BB}.Release|ARM.Build.0 = Release|Any CPU
		{BC54CD42-6497-4E2D-946A-6788A99432BB}.Release|x64.ActiveCfg = Release|Any CPU
		{BC54CD42-6497-4E2D-946A-6788A99432BB}.Release|x64.Build.0 = Release|Any CPU
		{BC54CD42-6497-4E2D-946A-6788A99432BB}.Release|x86.ActiveCfg = Release|Any CPU
		{BC54CD42-6497-4E2D-946A-6788A99432BB}.Release|x86.Build.0 = Release|Any CPU
		{7AA465D5-9953-4814-A002-99A125510B5F}.Debug|Any CPU.ActiveCfg = Debug|Any CPU
		{7AA465D5-9953-4814-A002-99A125510B5F}.Debug|Any CPU.Build.0 = Debug|Any CPU
		{7AA465D5-9953-4814-A002-99A125510B5F}.Debug|ARM.ActiveCfg = Debug|Any CPU
		{7AA465D5-9953-4814-A002-99A125510B5F}.Debug|ARM.Build.0 = Debug|Any CPU
		{7AA465D5-9953-4814-A002-99A125510B5F}.Debug|x64.ActiveCfg = Debug|Any CPU
		{7AA465D5-9953-4814-A002-99A125510B5F}.Debug|x64.Build.0 = Debug|Any CPU
		{7AA465D5-9953-4814-A002-99A125510B5F}.Debug|x86.ActiveCfg = Debug|Any CPU
		{7AA465D5-9953-4814-A002-99A125510B5F}.Debug|x86.Build.0 = Debug|Any CPU
		{7AA465D5-9953-4814-A002-99A125510B5F}.Release|Any CPU.ActiveCfg = Release|Any CPU
		{7AA465D5-9953-4814-A002-99A125510B5F}.Release|Any CPU.Build.0 = Release|Any CPU
		{7AA465D5-9953-4814-A002-99A125510B5F}.Release|ARM.ActiveCfg = Release|Any CPU
		{7AA465D5-9953-4814-A002-99A125510B5F}.Release|ARM.Build.0 = Release|Any CPU
		{7AA465D5-9953-4814-A002-99A125510B5F}.Release|x64.ActiveCfg = Release|Any CPU
		{7AA465D5-9953-4814-A002-99A125510B5F}.Release|x64.Build.0 = Release|Any CPU
		{7AA465D5-9953-4814-A002-99A125510B5F}.Release|x86.ActiveCfg = Release|Any CPU
		{7AA465D5-9953-4814-A002-99A125510B5F}.Release|x86.Build.0 = Release|Any CPU
		{046C6C27-E77C-4D41-9741-77E822528B7E}.Debug|Any CPU.ActiveCfg = Debug|Any CPU
		{046C6C27-E77C-4D41-9741-77E822528B7E}.Debug|Any CPU.Build.0 = Debug|Any CPU
		{046C6C27-E77C-4D41-9741-77E822528B7E}.Debug|ARM.ActiveCfg = Debug|Any CPU
		{046C6C27-E77C-4D41-9741-77E822528B7E}.Debug|ARM.Build.0 = Debug|Any CPU
		{046C6C27-E77C-4D41-9741-77E822528B7E}.Debug|x64.ActiveCfg = Debug|Any CPU
		{046C6C27-E77C-4D41-9741-77E822528B7E}.Debug|x64.Build.0 = Debug|Any CPU
		{046C6C27-E77C-4D41-9741-77E822528B7E}.Debug|x86.ActiveCfg = Debug|Any CPU
		{046C6C27-E77C-4D41-9741-77E822528B7E}.Debug|x86.Build.0 = Debug|Any CPU
		{046C6C27-E77C-4D41-9741-77E822528B7E}.Release|Any CPU.ActiveCfg = Release|Any CPU
		{046C6C27-E77C-4D41-9741-77E822528B7E}.Release|Any CPU.Build.0 = Release|Any CPU
		{046C6C27-E77C-4D41-9741-77E822528B7E}.Release|ARM.ActiveCfg = Release|Any CPU
		{046C6C27-E77C-4D41-9741-77E822528B7E}.Release|ARM.Build.0 = Release|Any CPU
		{046C6C27-E77C-4D41-9741-77E822528B7E}.Release|x64.ActiveCfg = Release|Any CPU
		{046C6C27-E77C-4D41-9741-77E822528B7E}.Release|x64.Build.0 = Release|Any CPU
		{046C6C27-E77C-4D41-9741-77E822528B7E}.Release|x86.ActiveCfg = Release|Any CPU
		{046C6C27-E77C-4D41-9741-77E822528B7E}.Release|x86.Build.0 = Release|Any CPU
		{B71CE790-4EF0-4B0F-A85E-8EF18EF605F3}.Debug|Any CPU.ActiveCfg = Debug|Any CPU
		{B71CE790-4EF0-4B0F-A85E-8EF18EF605F3}.Debug|Any CPU.Build.0 = Debug|Any CPU
		{B71CE790-4EF0-4B0F-A85E-8EF18EF605F3}.Debug|ARM.ActiveCfg = Debug|Any CPU
		{B71CE790-4EF0-4B0F-A85E-8EF18EF605F3}.Debug|ARM.Build.0 = Debug|Any CPU
		{B71CE790-4EF0-4B0F-A85E-8EF18EF605F3}.Debug|x64.ActiveCfg = Debug|Any CPU
		{B71CE790-4EF0-4B0F-A85E-8EF18EF605F3}.Debug|x64.Build.0 = Debug|Any CPU
		{B71CE790-4EF0-4B0F-A85E-8EF18EF605F3}.Debug|x86.ActiveCfg = Debug|Any CPU
		{B71CE790-4EF0-4B0F-A85E-8EF18EF605F3}.Debug|x86.Build.0 = Debug|Any CPU
		{B71CE790-4EF0-4B0F-A85E-8EF18EF605F3}.Release|Any CPU.ActiveCfg = Release|Any CPU
		{B71CE790-4EF0-4B0F-A85E-8EF18EF605F3}.Release|Any CPU.Build.0 = Release|Any CPU
		{B71CE790-4EF0-4B0F-A85E-8EF18EF605F3}.Release|ARM.ActiveCfg = Release|Any CPU
		{B71CE790-4EF0-4B0F-A85E-8EF18EF605F3}.Release|ARM.Build.0 = Release|Any CPU
		{B71CE790-4EF0-4B0F-A85E-8EF18EF605F3}.Release|x64.ActiveCfg = Release|Any CPU
		{B71CE790-4EF0-4B0F-A85E-8EF18EF605F3}.Release|x64.Build.0 = Release|Any CPU
		{B71CE790-4EF0-4B0F-A85E-8EF18EF605F3}.Release|x86.ActiveCfg = Release|Any CPU
		{B71CE790-4EF0-4B0F-A85E-8EF18EF605F3}.Release|x86.Build.0 = Release|Any CPU
		{8FEF524F-01F1-495C-8DFC-FF7572B468BB}.Debug|Any CPU.ActiveCfg = Debug|Any CPU
		{8FEF524F-01F1-495C-8DFC-FF7572B468BB}.Debug|Any CPU.Build.0 = Debug|Any CPU
		{8FEF524F-01F1-495C-8DFC-FF7572B468BB}.Debug|ARM.ActiveCfg = Debug|Any CPU
		{8FEF524F-01F1-495C-8DFC-FF7572B468BB}.Debug|ARM.Build.0 = Debug|Any CPU
		{8FEF524F-01F1-495C-8DFC-FF7572B468BB}.Debug|x64.ActiveCfg = Debug|Any CPU
		{8FEF524F-01F1-495C-8DFC-FF7572B468BB}.Debug|x64.Build.0 = Debug|Any CPU
		{8FEF524F-01F1-495C-8DFC-FF7572B468BB}.Debug|x86.ActiveCfg = Debug|Any CPU
		{8FEF524F-01F1-495C-8DFC-FF7572B468BB}.Debug|x86.Build.0 = Debug|Any CPU
		{8FEF524F-01F1-495C-8DFC-FF7572B468BB}.Release|Any CPU.ActiveCfg = Release|Any CPU
		{8FEF524F-01F1-495C-8DFC-FF7572B468BB}.Release|Any CPU.Build.0 = Release|Any CPU
		{8FEF524F-01F1-495C-8DFC-FF7572B468BB}.Release|ARM.ActiveCfg = Release|Any CPU
		{8FEF524F-01F1-495C-8DFC-FF7572B468BB}.Release|ARM.Build.0 = Release|Any CPU
		{8FEF524F-01F1-495C-8DFC-FF7572B468BB}.Release|x64.ActiveCfg = Release|Any CPU
		{8FEF524F-01F1-495C-8DFC-FF7572B468BB}.Release|x64.Build.0 = Release|Any CPU
		{8FEF524F-01F1-495C-8DFC-FF7572B468BB}.Release|x86.ActiveCfg = Release|Any CPU
		{8FEF524F-01F1-495C-8DFC-FF7572B468BB}.Release|x86.Build.0 = Release|Any CPU
		{9C95F09C-F3C0-4B2E-8343-D04E94AF90C7}.Debug|Any CPU.ActiveCfg = Debug|Any CPU
		{9C95F09C-F3C0-4B2E-8343-D04E94AF90C7}.Debug|Any CPU.Build.0 = Debug|Any CPU
		{9C95F09C-F3C0-4B2E-8343-D04E94AF90C7}.Debug|ARM.ActiveCfg = Debug|Any CPU
		{9C95F09C-F3C0-4B2E-8343-D04E94AF90C7}.Debug|ARM.Build.0 = Debug|Any CPU
		{9C95F09C-F3C0-4B2E-8343-D04E94AF90C7}.Debug|x64.ActiveCfg = Debug|Any CPU
		{9C95F09C-F3C0-4B2E-8343-D04E94AF90C7}.Debug|x64.Build.0 = Debug|Any CPU
		{9C95F09C-F3C0-4B2E-8343-D04E94AF90C7}.Debug|x86.ActiveCfg = Debug|Any CPU
		{9C95F09C-F3C0-4B2E-8343-D04E94AF90C7}.Debug|x86.Build.0 = Debug|Any CPU
		{9C95F09C-F3C0-4B2E-8343-D04E94AF90C7}.Release|Any CPU.ActiveCfg = Release|Any CPU
		{9C95F09C-F3C0-4B2E-8343-D04E94AF90C7}.Release|Any CPU.Build.0 = Release|Any CPU
		{9C95F09C-F3C0-4B2E-8343-D04E94AF90C7}.Release|ARM.ActiveCfg = Release|Any CPU
		{9C95F09C-F3C0-4B2E-8343-D04E94AF90C7}.Release|ARM.Build.0 = Release|Any CPU
		{9C95F09C-F3C0-4B2E-8343-D04E94AF90C7}.Release|x64.ActiveCfg = Release|Any CPU
		{9C95F09C-F3C0-4B2E-8343-D04E94AF90C7}.Release|x64.Build.0 = Release|Any CPU
		{9C95F09C-F3C0-4B2E-8343-D04E94AF90C7}.Release|x86.ActiveCfg = Release|Any CPU
		{9C95F09C-F3C0-4B2E-8343-D04E94AF90C7}.Release|x86.Build.0 = Release|Any CPU
		{0FF1A954-0B42-4D2B-8705-88BA88D8ABE8}.Debug|Any CPU.ActiveCfg = Debug|Any CPU
		{0FF1A954-0B42-4D2B-8705-88BA88D8ABE8}.Debug|Any CPU.Build.0 = Debug|Any CPU
		{0FF1A954-0B42-4D2B-8705-88BA88D8ABE8}.Debug|ARM.ActiveCfg = Debug|Any CPU
		{0FF1A954-0B42-4D2B-8705-88BA88D8ABE8}.Debug|ARM.Build.0 = Debug|Any CPU
		{0FF1A954-0B42-4D2B-8705-88BA88D8ABE8}.Debug|x64.ActiveCfg = Debug|Any CPU
		{0FF1A954-0B42-4D2B-8705-88BA88D8ABE8}.Debug|x64.Build.0 = Debug|Any CPU
		{0FF1A954-0B42-4D2B-8705-88BA88D8ABE8}.Debug|x86.ActiveCfg = Debug|Any CPU
		{0FF1A954-0B42-4D2B-8705-88BA88D8ABE8}.Debug|x86.Build.0 = Debug|Any CPU
		{0FF1A954-0B42-4D2B-8705-88BA88D8ABE8}.Release|Any CPU.ActiveCfg = Release|Any CPU
		{0FF1A954-0B42-4D2B-8705-88BA88D8ABE8}.Release|Any CPU.Build.0 = Release|Any CPU
		{0FF1A954-0B42-4D2B-8705-88BA88D8ABE8}.Release|ARM.ActiveCfg = Release|Any CPU
		{0FF1A954-0B42-4D2B-8705-88BA88D8ABE8}.Release|ARM.Build.0 = Release|Any CPU
		{0FF1A954-0B42-4D2B-8705-88BA88D8ABE8}.Release|x64.ActiveCfg = Release|Any CPU
		{0FF1A954-0B42-4D2B-8705-88BA88D8ABE8}.Release|x64.Build.0 = Release|Any CPU
		{0FF1A954-0B42-4D2B-8705-88BA88D8ABE8}.Release|x86.ActiveCfg = Release|Any CPU
		{0FF1A954-0B42-4D2B-8705-88BA88D8ABE8}.Release|x86.Build.0 = Release|Any CPU
		{011D2869-C9F7-4B8B-9BDD-59EEB374B62D}.Debug|Any CPU.ActiveCfg = Debug|Any CPU
		{011D2869-C9F7-4B8B-9BDD-59EEB374B62D}.Debug|Any CPU.Build.0 = Debug|Any CPU
		{011D2869-C9F7-4B8B-9BDD-59EEB374B62D}.Debug|ARM.ActiveCfg = Debug|Any CPU
		{011D2869-C9F7-4B8B-9BDD-59EEB374B62D}.Debug|ARM.Build.0 = Debug|Any CPU
		{011D2869-C9F7-4B8B-9BDD-59EEB374B62D}.Debug|x64.ActiveCfg = Debug|Any CPU
		{011D2869-C9F7-4B8B-9BDD-59EEB374B62D}.Debug|x64.Build.0 = Debug|Any CPU
		{011D2869-C9F7-4B8B-9BDD-59EEB374B62D}.Debug|x86.ActiveCfg = Debug|Any CPU
		{011D2869-C9F7-4B8B-9BDD-59EEB374B62D}.Debug|x86.Build.0 = Debug|Any CPU
		{011D2869-C9F7-4B8B-9BDD-59EEB374B62D}.Release|Any CPU.ActiveCfg = Release|Any CPU
		{011D2869-C9F7-4B8B-9BDD-59EEB374B62D}.Release|Any CPU.Build.0 = Release|Any CPU
		{011D2869-C9F7-4B8B-9BDD-59EEB374B62D}.Release|ARM.ActiveCfg = Release|Any CPU
		{011D2869-C9F7-4B8B-9BDD-59EEB374B62D}.Release|ARM.Build.0 = Release|Any CPU
		{011D2869-C9F7-4B8B-9BDD-59EEB374B62D}.Release|x64.ActiveCfg = Release|Any CPU
		{011D2869-C9F7-4B8B-9BDD-59EEB374B62D}.Release|x64.Build.0 = Release|Any CPU
		{011D2869-C9F7-4B8B-9BDD-59EEB374B62D}.Release|x86.ActiveCfg = Release|Any CPU
		{011D2869-C9F7-4B8B-9BDD-59EEB374B62D}.Release|x86.Build.0 = Release|Any CPU
		{F6ECD8E8-6A70-4A5D-BDB4-5C4FCFB5915A}.Debug|Any CPU.ActiveCfg = Debug|Any CPU
		{F6ECD8E8-6A70-4A5D-BDB4-5C4FCFB5915A}.Debug|Any CPU.Build.0 = Debug|Any CPU
		{F6ECD8E8-6A70-4A5D-BDB4-5C4FCFB5915A}.Debug|ARM.ActiveCfg = Debug|Any CPU
		{F6ECD8E8-6A70-4A5D-BDB4-5C4FCFB5915A}.Debug|ARM.Build.0 = Debug|Any CPU
		{F6ECD8E8-6A70-4A5D-BDB4-5C4FCFB5915A}.Debug|x64.ActiveCfg = Debug|Any CPU
		{F6ECD8E8-6A70-4A5D-BDB4-5C4FCFB5915A}.Debug|x64.Build.0 = Debug|Any CPU
		{F6ECD8E8-6A70-4A5D-BDB4-5C4FCFB5915A}.Debug|x86.ActiveCfg = Debug|Any CPU
		{F6ECD8E8-6A70-4A5D-BDB4-5C4FCFB5915A}.Debug|x86.Build.0 = Debug|Any CPU
		{F6ECD8E8-6A70-4A5D-BDB4-5C4FCFB5915A}.Release|Any CPU.ActiveCfg = Release|Any CPU
		{F6ECD8E8-6A70-4A5D-BDB4-5C4FCFB5915A}.Release|Any CPU.Build.0 = Release|Any CPU
		{F6ECD8E8-6A70-4A5D-BDB4-5C4FCFB5915A}.Release|ARM.ActiveCfg = Release|Any CPU
		{F6ECD8E8-6A70-4A5D-BDB4-5C4FCFB5915A}.Release|ARM.Build.0 = Release|Any CPU
		{F6ECD8E8-6A70-4A5D-BDB4-5C4FCFB5915A}.Release|x64.ActiveCfg = Release|Any CPU
		{F6ECD8E8-6A70-4A5D-BDB4-5C4FCFB5915A}.Release|x64.Build.0 = Release|Any CPU
		{F6ECD8E8-6A70-4A5D-BDB4-5C4FCFB5915A}.Release|x86.ActiveCfg = Release|Any CPU
		{F6ECD8E8-6A70-4A5D-BDB4-5C4FCFB5915A}.Release|x86.Build.0 = Release|Any CPU
		{749AB7E3-5CE4-4B41-94BC-88614E42A1B1}.Debug|Any CPU.ActiveCfg = Debug|Any CPU
		{749AB7E3-5CE4-4B41-94BC-88614E42A1B1}.Debug|Any CPU.Build.0 = Debug|Any CPU
		{749AB7E3-5CE4-4B41-94BC-88614E42A1B1}.Debug|ARM.ActiveCfg = Debug|Any CPU
		{749AB7E3-5CE4-4B41-94BC-88614E42A1B1}.Debug|ARM.Build.0 = Debug|Any CPU
		{749AB7E3-5CE4-4B41-94BC-88614E42A1B1}.Debug|x64.ActiveCfg = Debug|Any CPU
		{749AB7E3-5CE4-4B41-94BC-88614E42A1B1}.Debug|x64.Build.0 = Debug|Any CPU
		{749AB7E3-5CE4-4B41-94BC-88614E42A1B1}.Debug|x86.ActiveCfg = Debug|Any CPU
		{749AB7E3-5CE4-4B41-94BC-88614E42A1B1}.Debug|x86.Build.0 = Debug|Any CPU
		{749AB7E3-5CE4-4B41-94BC-88614E42A1B1}.Release|Any CPU.ActiveCfg = Release|Any CPU
		{749AB7E3-5CE4-4B41-94BC-88614E42A1B1}.Release|Any CPU.Build.0 = Release|Any CPU
		{749AB7E3-5CE4-4B41-94BC-88614E42A1B1}.Release|ARM.ActiveCfg = Release|Any CPU
		{749AB7E3-5CE4-4B41-94BC-88614E42A1B1}.Release|ARM.Build.0 = Release|Any CPU
		{749AB7E3-5CE4-4B41-94BC-88614E42A1B1}.Release|x64.ActiveCfg = Release|Any CPU
		{749AB7E3-5CE4-4B41-94BC-88614E42A1B1}.Release|x64.Build.0 = Release|Any CPU
		{749AB7E3-5CE4-4B41-94BC-88614E42A1B1}.Release|x86.ActiveCfg = Release|Any CPU
		{749AB7E3-5CE4-4B41-94BC-88614E42A1B1}.Release|x86.Build.0 = Release|Any CPU
		{0B7E2D26-65CD-4099-BF0B-F87668115457}.Debug|Any CPU.ActiveCfg = Debug|Any CPU
		{0B7E2D26-65CD-4099-BF0B-F87668115457}.Debug|Any CPU.Build.0 = Debug|Any CPU
		{0B7E2D26-65CD-4099-BF0B-F87668115457}.Debug|ARM.ActiveCfg = Debug|Any CPU
		{0B7E2D26-65CD-4099-BF0B-F87668115457}.Debug|ARM.Build.0 = Debug|Any CPU
		{0B7E2D26-65CD-4099-BF0B-F87668115457}.Debug|x64.ActiveCfg = Debug|Any CPU
		{0B7E2D26-65CD-4099-BF0B-F87668115457}.Debug|x64.Build.0 = Debug|Any CPU
		{0B7E2D26-65CD-4099-BF0B-F87668115457}.Debug|x86.ActiveCfg = Debug|Any CPU
		{0B7E2D26-65CD-4099-BF0B-F87668115457}.Debug|x86.Build.0 = Debug|Any CPU
		{0B7E2D26-65CD-4099-BF0B-F87668115457}.Release|Any CPU.ActiveCfg = Release|Any CPU
		{0B7E2D26-65CD-4099-BF0B-F87668115457}.Release|Any CPU.Build.0 = Release|Any CPU
		{0B7E2D26-65CD-4099-BF0B-F87668115457}.Release|ARM.ActiveCfg = Release|Any CPU
		{0B7E2D26-65CD-4099-BF0B-F87668115457}.Release|ARM.Build.0 = Release|Any CPU
		{0B7E2D26-65CD-4099-BF0B-F87668115457}.Release|x64.ActiveCfg = Release|Any CPU
		{0B7E2D26-65CD-4099-BF0B-F87668115457}.Release|x64.Build.0 = Release|Any CPU
		{0B7E2D26-65CD-4099-BF0B-F87668115457}.Release|x86.ActiveCfg = Release|Any CPU
		{0B7E2D26-65CD-4099-BF0B-F87668115457}.Release|x86.Build.0 = Release|Any CPU
		{E389F6DC-206D-4E5F-ACF8-5DF2057AD43E}.Debug|Any CPU.ActiveCfg = Debug|Any CPU
		{E389F6DC-206D-4E5F-ACF8-5DF2057AD43E}.Debug|Any CPU.Build.0 = Debug|Any CPU
		{E389F6DC-206D-4E5F-ACF8-5DF2057AD43E}.Debug|ARM.ActiveCfg = Debug|Any CPU
		{E389F6DC-206D-4E5F-ACF8-5DF2057AD43E}.Debug|ARM.Build.0 = Debug|Any CPU
		{E389F6DC-206D-4E5F-ACF8-5DF2057AD43E}.Debug|x64.ActiveCfg = Debug|Any CPU
		{E389F6DC-206D-4E5F-ACF8-5DF2057AD43E}.Debug|x64.Build.0 = Debug|Any CPU
		{E389F6DC-206D-4E5F-ACF8-5DF2057AD43E}.Debug|x86.ActiveCfg = Debug|Any CPU
		{E389F6DC-206D-4E5F-ACF8-5DF2057AD43E}.Debug|x86.Build.0 = Debug|Any CPU
		{E389F6DC-206D-4E5F-ACF8-5DF2057AD43E}.Release|Any CPU.ActiveCfg = Release|Any CPU
		{E389F6DC-206D-4E5F-ACF8-5DF2057AD43E}.Release|Any CPU.Build.0 = Release|Any CPU
		{E389F6DC-206D-4E5F-ACF8-5DF2057AD43E}.Release|ARM.ActiveCfg = Release|Any CPU
		{E389F6DC-206D-4E5F-ACF8-5DF2057AD43E}.Release|ARM.Build.0 = Release|Any CPU
		{E389F6DC-206D-4E5F-ACF8-5DF2057AD43E}.Release|x64.ActiveCfg = Release|Any CPU
		{E389F6DC-206D-4E5F-ACF8-5DF2057AD43E}.Release|x64.Build.0 = Release|Any CPU
		{E389F6DC-206D-4E5F-ACF8-5DF2057AD43E}.Release|x86.ActiveCfg = Release|Any CPU
		{E389F6DC-206D-4E5F-ACF8-5DF2057AD43E}.Release|x86.Build.0 = Release|Any CPU
		{52384254-CF12-4E1B-986E-6051517BBD18}.Debug|Any CPU.ActiveCfg = Debug|Any CPU
		{52384254-CF12-4E1B-986E-6051517BBD18}.Debug|Any CPU.Build.0 = Debug|Any CPU
		{52384254-CF12-4E1B-986E-6051517BBD18}.Debug|ARM.ActiveCfg = Debug|Any CPU
		{52384254-CF12-4E1B-986E-6051517BBD18}.Debug|ARM.Build.0 = Debug|Any CPU
		{52384254-CF12-4E1B-986E-6051517BBD18}.Debug|x64.ActiveCfg = Debug|Any CPU
		{52384254-CF12-4E1B-986E-6051517BBD18}.Debug|x64.Build.0 = Debug|Any CPU
		{52384254-CF12-4E1B-986E-6051517BBD18}.Debug|x86.ActiveCfg = Debug|Any CPU
		{52384254-CF12-4E1B-986E-6051517BBD18}.Debug|x86.Build.0 = Debug|Any CPU
		{52384254-CF12-4E1B-986E-6051517BBD18}.Release|Any CPU.ActiveCfg = Release|Any CPU
		{52384254-CF12-4E1B-986E-6051517BBD18}.Release|Any CPU.Build.0 = Release|Any CPU
		{52384254-CF12-4E1B-986E-6051517BBD18}.Release|ARM.ActiveCfg = Release|Any CPU
		{52384254-CF12-4E1B-986E-6051517BBD18}.Release|ARM.Build.0 = Release|Any CPU
		{52384254-CF12-4E1B-986E-6051517BBD18}.Release|x64.ActiveCfg = Release|Any CPU
		{52384254-CF12-4E1B-986E-6051517BBD18}.Release|x64.Build.0 = Release|Any CPU
		{52384254-CF12-4E1B-986E-6051517BBD18}.Release|x86.ActiveCfg = Release|Any CPU
		{52384254-CF12-4E1B-986E-6051517BBD18}.Release|x86.Build.0 = Release|Any CPU
		{8A01A3D7-9D9B-48F3-82B4-DCD13B8BC1F8}.Debug|Any CPU.ActiveCfg = Debug|Any CPU
		{8A01A3D7-9D9B-48F3-82B4-DCD13B8BC1F8}.Debug|Any CPU.Build.0 = Debug|Any CPU
		{8A01A3D7-9D9B-48F3-82B4-DCD13B8BC1F8}.Debug|ARM.ActiveCfg = Debug|Any CPU
		{8A01A3D7-9D9B-48F3-82B4-DCD13B8BC1F8}.Debug|ARM.Build.0 = Debug|Any CPU
		{8A01A3D7-9D9B-48F3-82B4-DCD13B8BC1F8}.Debug|x64.ActiveCfg = Debug|Any CPU
		{8A01A3D7-9D9B-48F3-82B4-DCD13B8BC1F8}.Debug|x64.Build.0 = Debug|Any CPU
		{8A01A3D7-9D9B-48F3-82B4-DCD13B8BC1F8}.Debug|x86.ActiveCfg = Debug|Any CPU
		{8A01A3D7-9D9B-48F3-82B4-DCD13B8BC1F8}.Debug|x86.Build.0 = Debug|Any CPU
		{8A01A3D7-9D9B-48F3-82B4-DCD13B8BC1F8}.Release|Any CPU.ActiveCfg = Release|Any CPU
		{8A01A3D7-9D9B-48F3-82B4-DCD13B8BC1F8}.Release|Any CPU.Build.0 = Release|Any CPU
		{8A01A3D7-9D9B-48F3-82B4-DCD13B8BC1F8}.Release|ARM.ActiveCfg = Release|Any CPU
		{8A01A3D7-9D9B-48F3-82B4-DCD13B8BC1F8}.Release|ARM.Build.0 = Release|Any CPU
		{8A01A3D7-9D9B-48F3-82B4-DCD13B8BC1F8}.Release|x64.ActiveCfg = Release|Any CPU
		{8A01A3D7-9D9B-48F3-82B4-DCD13B8BC1F8}.Release|x64.Build.0 = Release|Any CPU
		{8A01A3D7-9D9B-48F3-82B4-DCD13B8BC1F8}.Release|x86.ActiveCfg = Release|Any CPU
		{8A01A3D7-9D9B-48F3-82B4-DCD13B8BC1F8}.Release|x86.Build.0 = Release|Any CPU
		{9A7E30BB-CCDA-4447-ABBC-53C45865C7AA}.Debug|Any CPU.ActiveCfg = Debug|Any CPU
		{9A7E30BB-CCDA-4447-ABBC-53C45865C7AA}.Debug|Any CPU.Build.0 = Debug|Any CPU
		{9A7E30BB-CCDA-4447-ABBC-53C45865C7AA}.Debug|ARM.ActiveCfg = Debug|Any CPU
		{9A7E30BB-CCDA-4447-ABBC-53C45865C7AA}.Debug|ARM.Build.0 = Debug|Any CPU
		{9A7E30BB-CCDA-4447-ABBC-53C45865C7AA}.Debug|x64.ActiveCfg = Debug|Any CPU
		{9A7E30BB-CCDA-4447-ABBC-53C45865C7AA}.Debug|x64.Build.0 = Debug|Any CPU
		{9A7E30BB-CCDA-4447-ABBC-53C45865C7AA}.Debug|x86.ActiveCfg = Debug|Any CPU
		{9A7E30BB-CCDA-4447-ABBC-53C45865C7AA}.Debug|x86.Build.0 = Debug|Any CPU
		{9A7E30BB-CCDA-4447-ABBC-53C45865C7AA}.Release|Any CPU.ActiveCfg = Release|Any CPU
		{9A7E30BB-CCDA-4447-ABBC-53C45865C7AA}.Release|Any CPU.Build.0 = Release|Any CPU
		{9A7E30BB-CCDA-4447-ABBC-53C45865C7AA}.Release|ARM.ActiveCfg = Release|Any CPU
		{9A7E30BB-CCDA-4447-ABBC-53C45865C7AA}.Release|ARM.Build.0 = Release|Any CPU
		{9A7E30BB-CCDA-4447-ABBC-53C45865C7AA}.Release|x64.ActiveCfg = Release|Any CPU
		{9A7E30BB-CCDA-4447-ABBC-53C45865C7AA}.Release|x64.Build.0 = Release|Any CPU
		{9A7E30BB-CCDA-4447-ABBC-53C45865C7AA}.Release|x86.ActiveCfg = Release|Any CPU
		{9A7E30BB-CCDA-4447-ABBC-53C45865C7AA}.Release|x86.Build.0 = Release|Any CPU
		{68152316-E102-41E9-A1DA-4DD06352FDAD}.Debug|Any CPU.ActiveCfg = Debug|Any CPU
		{68152316-E102-41E9-A1DA-4DD06352FDAD}.Debug|Any CPU.Build.0 = Debug|Any CPU
		{68152316-E102-41E9-A1DA-4DD06352FDAD}.Debug|ARM.ActiveCfg = Debug|Any CPU
		{68152316-E102-41E9-A1DA-4DD06352FDAD}.Debug|ARM.Build.0 = Debug|Any CPU
		{68152316-E102-41E9-A1DA-4DD06352FDAD}.Debug|x64.ActiveCfg = Debug|Any CPU
		{68152316-E102-41E9-A1DA-4DD06352FDAD}.Debug|x64.Build.0 = Debug|Any CPU
		{68152316-E102-41E9-A1DA-4DD06352FDAD}.Debug|x86.ActiveCfg = Debug|Any CPU
		{68152316-E102-41E9-A1DA-4DD06352FDAD}.Debug|x86.Build.0 = Debug|Any CPU
		{68152316-E102-41E9-A1DA-4DD06352FDAD}.Release|Any CPU.ActiveCfg = Release|Any CPU
		{68152316-E102-41E9-A1DA-4DD06352FDAD}.Release|Any CPU.Build.0 = Release|Any CPU
		{68152316-E102-41E9-A1DA-4DD06352FDAD}.Release|ARM.ActiveCfg = Release|Any CPU
		{68152316-E102-41E9-A1DA-4DD06352FDAD}.Release|ARM.Build.0 = Release|Any CPU
		{68152316-E102-41E9-A1DA-4DD06352FDAD}.Release|x64.ActiveCfg = Release|Any CPU
		{68152316-E102-41E9-A1DA-4DD06352FDAD}.Release|x64.Build.0 = Release|Any CPU
		{68152316-E102-41E9-A1DA-4DD06352FDAD}.Release|x86.ActiveCfg = Release|Any CPU
		{68152316-E102-41E9-A1DA-4DD06352FDAD}.Release|x86.Build.0 = Release|Any CPU
		{7E36AC02-0D57-4745-955F-D897937F534F}.Debug|Any CPU.ActiveCfg = Debug|Any CPU
		{7E36AC02-0D57-4745-955F-D897937F534F}.Debug|Any CPU.Build.0 = Debug|Any CPU
		{7E36AC02-0D57-4745-955F-D897937F534F}.Debug|ARM.ActiveCfg = Debug|Any CPU
		{7E36AC02-0D57-4745-955F-D897937F534F}.Debug|ARM.Build.0 = Debug|Any CPU
		{7E36AC02-0D57-4745-955F-D897937F534F}.Debug|x64.ActiveCfg = Debug|Any CPU
		{7E36AC02-0D57-4745-955F-D897937F534F}.Debug|x64.Build.0 = Debug|Any CPU
		{7E36AC02-0D57-4745-955F-D897937F534F}.Debug|x86.ActiveCfg = Debug|Any CPU
		{7E36AC02-0D57-4745-955F-D897937F534F}.Debug|x86.Build.0 = Debug|Any CPU
		{7E36AC02-0D57-4745-955F-D897937F534F}.Release|Any CPU.ActiveCfg = Release|Any CPU
		{7E36AC02-0D57-4745-955F-D897937F534F}.Release|Any CPU.Build.0 = Release|Any CPU
		{7E36AC02-0D57-4745-955F-D897937F534F}.Release|ARM.ActiveCfg = Release|Any CPU
		{7E36AC02-0D57-4745-955F-D897937F534F}.Release|ARM.Build.0 = Release|Any CPU
		{7E36AC02-0D57-4745-955F-D897937F534F}.Release|x64.ActiveCfg = Release|Any CPU
		{7E36AC02-0D57-4745-955F-D897937F534F}.Release|x64.Build.0 = Release|Any CPU
		{7E36AC02-0D57-4745-955F-D897937F534F}.Release|x86.ActiveCfg = Release|Any CPU
		{7E36AC02-0D57-4745-955F-D897937F534F}.Release|x86.Build.0 = Release|Any CPU
		{EE29F476-B66F-497F-AF12-F539C8FFAF97}.Debug|Any CPU.ActiveCfg = Debug|Any CPU
		{EE29F476-B66F-497F-AF12-F539C8FFAF97}.Debug|Any CPU.Build.0 = Debug|Any CPU
		{EE29F476-B66F-497F-AF12-F539C8FFAF97}.Debug|ARM.ActiveCfg = Debug|Any CPU
		{EE29F476-B66F-497F-AF12-F539C8FFAF97}.Debug|ARM.Build.0 = Debug|Any CPU
		{EE29F476-B66F-497F-AF12-F539C8FFAF97}.Debug|x64.ActiveCfg = Debug|Any CPU
		{EE29F476-B66F-497F-AF12-F539C8FFAF97}.Debug|x64.Build.0 = Debug|Any CPU
		{EE29F476-B66F-497F-AF12-F539C8FFAF97}.Debug|x86.ActiveCfg = Debug|Any CPU
		{EE29F476-B66F-497F-AF12-F539C8FFAF97}.Debug|x86.Build.0 = Debug|Any CPU
		{EE29F476-B66F-497F-AF12-F539C8FFAF97}.Release|Any CPU.ActiveCfg = Release|Any CPU
		{EE29F476-B66F-497F-AF12-F539C8FFAF97}.Release|Any CPU.Build.0 = Release|Any CPU
		{EE29F476-B66F-497F-AF12-F539C8FFAF97}.Release|ARM.ActiveCfg = Release|Any CPU
		{EE29F476-B66F-497F-AF12-F539C8FFAF97}.Release|ARM.Build.0 = Release|Any CPU
		{EE29F476-B66F-497F-AF12-F539C8FFAF97}.Release|x64.ActiveCfg = Release|Any CPU
		{EE29F476-B66F-497F-AF12-F539C8FFAF97}.Release|x64.Build.0 = Release|Any CPU
		{EE29F476-B66F-497F-AF12-F539C8FFAF97}.Release|x86.ActiveCfg = Release|Any CPU
		{EE29F476-B66F-497F-AF12-F539C8FFAF97}.Release|x86.Build.0 = Release|Any CPU
		{7744CC96-E835-41D2-BD0A-0053AD67B9F2}.Debug|Any CPU.ActiveCfg = Debug|Any CPU
		{7744CC96-E835-41D2-BD0A-0053AD67B9F2}.Debug|Any CPU.Build.0 = Debug|Any CPU
		{7744CC96-E835-41D2-BD0A-0053AD67B9F2}.Debug|ARM.ActiveCfg = Debug|Any CPU
		{7744CC96-E835-41D2-BD0A-0053AD67B9F2}.Debug|ARM.Build.0 = Debug|Any CPU
		{7744CC96-E835-41D2-BD0A-0053AD67B9F2}.Debug|x64.ActiveCfg = Debug|Any CPU
		{7744CC96-E835-41D2-BD0A-0053AD67B9F2}.Debug|x64.Build.0 = Debug|Any CPU
		{7744CC96-E835-41D2-BD0A-0053AD67B9F2}.Debug|x86.ActiveCfg = Debug|Any CPU
		{7744CC96-E835-41D2-BD0A-0053AD67B9F2}.Debug|x86.Build.0 = Debug|Any CPU
		{7744CC96-E835-41D2-BD0A-0053AD67B9F2}.Release|Any CPU.ActiveCfg = Release|Any CPU
		{7744CC96-E835-41D2-BD0A-0053AD67B9F2}.Release|Any CPU.Build.0 = Release|Any CPU
		{7744CC96-E835-41D2-BD0A-0053AD67B9F2}.Release|ARM.ActiveCfg = Release|Any CPU
		{7744CC96-E835-41D2-BD0A-0053AD67B9F2}.Release|ARM.Build.0 = Release|Any CPU
		{7744CC96-E835-41D2-BD0A-0053AD67B9F2}.Release|x64.ActiveCfg = Release|Any CPU
		{7744CC96-E835-41D2-BD0A-0053AD67B9F2}.Release|x64.Build.0 = Release|Any CPU
		{7744CC96-E835-41D2-BD0A-0053AD67B9F2}.Release|x86.ActiveCfg = Release|Any CPU
		{7744CC96-E835-41D2-BD0A-0053AD67B9F2}.Release|x86.Build.0 = Release|Any CPU
		{79B8E1F0-9E40-4FD5-A144-3BFA2FFF753C}.Debug|Any CPU.ActiveCfg = Debug|Any CPU
		{79B8E1F0-9E40-4FD5-A144-3BFA2FFF753C}.Debug|Any CPU.Build.0 = Debug|Any CPU
		{79B8E1F0-9E40-4FD5-A144-3BFA2FFF753C}.Debug|ARM.ActiveCfg = Debug|Any CPU
		{79B8E1F0-9E40-4FD5-A144-3BFA2FFF753C}.Debug|ARM.Build.0 = Debug|Any CPU
		{79B8E1F0-9E40-4FD5-A144-3BFA2FFF753C}.Debug|x64.ActiveCfg = Debug|Any CPU
		{79B8E1F0-9E40-4FD5-A144-3BFA2FFF753C}.Debug|x64.Build.0 = Debug|Any CPU
		{79B8E1F0-9E40-4FD5-A144-3BFA2FFF753C}.Debug|x86.ActiveCfg = Debug|Any CPU
		{79B8E1F0-9E40-4FD5-A144-3BFA2FFF753C}.Debug|x86.Build.0 = Debug|Any CPU
		{79B8E1F0-9E40-4FD5-A144-3BFA2FFF753C}.Release|Any CPU.ActiveCfg = Release|Any CPU
		{79B8E1F0-9E40-4FD5-A144-3BFA2FFF753C}.Release|Any CPU.Build.0 = Release|Any CPU
		{79B8E1F0-9E40-4FD5-A144-3BFA2FFF753C}.Release|ARM.ActiveCfg = Release|Any CPU
		{79B8E1F0-9E40-4FD5-A144-3BFA2FFF753C}.Release|ARM.Build.0 = Release|Any CPU
		{79B8E1F0-9E40-4FD5-A144-3BFA2FFF753C}.Release|x64.ActiveCfg = Release|Any CPU
		{79B8E1F0-9E40-4FD5-A144-3BFA2FFF753C}.Release|x64.Build.0 = Release|Any CPU
		{79B8E1F0-9E40-4FD5-A144-3BFA2FFF753C}.Release|x86.ActiveCfg = Release|Any CPU
		{79B8E1F0-9E40-4FD5-A144-3BFA2FFF753C}.Release|x86.Build.0 = Release|Any CPU
		{C1C831B5-4334-4539-8E34-1F914197846E}.Debug|Any CPU.ActiveCfg = Debug|Any CPU
		{C1C831B5-4334-4539-8E34-1F914197846E}.Debug|Any CPU.Build.0 = Debug|Any CPU
		{C1C831B5-4334-4539-8E34-1F914197846E}.Debug|ARM.ActiveCfg = Debug|Any CPU
		{C1C831B5-4334-4539-8E34-1F914197846E}.Debug|ARM.Build.0 = Debug|Any CPU
		{C1C831B5-4334-4539-8E34-1F914197846E}.Debug|x64.ActiveCfg = Debug|Any CPU
		{C1C831B5-4334-4539-8E34-1F914197846E}.Debug|x64.Build.0 = Debug|Any CPU
		{C1C831B5-4334-4539-8E34-1F914197846E}.Debug|x86.ActiveCfg = Debug|Any CPU
		{C1C831B5-4334-4539-8E34-1F914197846E}.Debug|x86.Build.0 = Debug|Any CPU
		{C1C831B5-4334-4539-8E34-1F914197846E}.Release|Any CPU.ActiveCfg = Release|Any CPU
		{C1C831B5-4334-4539-8E34-1F914197846E}.Release|Any CPU.Build.0 = Release|Any CPU
		{C1C831B5-4334-4539-8E34-1F914197846E}.Release|ARM.ActiveCfg = Release|Any CPU
		{C1C831B5-4334-4539-8E34-1F914197846E}.Release|ARM.Build.0 = Release|Any CPU
		{C1C831B5-4334-4539-8E34-1F914197846E}.Release|x64.ActiveCfg = Release|Any CPU
		{C1C831B5-4334-4539-8E34-1F914197846E}.Release|x64.Build.0 = Release|Any CPU
		{C1C831B5-4334-4539-8E34-1F914197846E}.Release|x86.ActiveCfg = Release|Any CPU
		{C1C831B5-4334-4539-8E34-1F914197846E}.Release|x86.Build.0 = Release|Any CPU
		{5FD0BA22-16D5-4E00-A572-6E36EA4C9E63}.Debug|Any CPU.ActiveCfg = Debug|Any CPU
		{5FD0BA22-16D5-4E00-A572-6E36EA4C9E63}.Debug|Any CPU.Build.0 = Debug|Any CPU
		{5FD0BA22-16D5-4E00-A572-6E36EA4C9E63}.Debug|ARM.ActiveCfg = Debug|Any CPU
		{5FD0BA22-16D5-4E00-A572-6E36EA4C9E63}.Debug|ARM.Build.0 = Debug|Any CPU
		{5FD0BA22-16D5-4E00-A572-6E36EA4C9E63}.Debug|x64.ActiveCfg = Debug|Any CPU
		{5FD0BA22-16D5-4E00-A572-6E36EA4C9E63}.Debug|x64.Build.0 = Debug|Any CPU
		{5FD0BA22-16D5-4E00-A572-6E36EA4C9E63}.Debug|x86.ActiveCfg = Debug|Any CPU
		{5FD0BA22-16D5-4E00-A572-6E36EA4C9E63}.Debug|x86.Build.0 = Debug|Any CPU
		{5FD0BA22-16D5-4E00-A572-6E36EA4C9E63}.Release|Any CPU.ActiveCfg = Release|Any CPU
		{5FD0BA22-16D5-4E00-A572-6E36EA4C9E63}.Release|Any CPU.Build.0 = Release|Any CPU
		{5FD0BA22-16D5-4E00-A572-6E36EA4C9E63}.Release|ARM.ActiveCfg = Release|Any CPU
		{5FD0BA22-16D5-4E00-A572-6E36EA4C9E63}.Release|ARM.Build.0 = Release|Any CPU
		{5FD0BA22-16D5-4E00-A572-6E36EA4C9E63}.Release|x64.ActiveCfg = Release|Any CPU
		{5FD0BA22-16D5-4E00-A572-6E36EA4C9E63}.Release|x64.Build.0 = Release|Any CPU
		{5FD0BA22-16D5-4E00-A572-6E36EA4C9E63}.Release|x86.ActiveCfg = Release|Any CPU
		{5FD0BA22-16D5-4E00-A572-6E36EA4C9E63}.Release|x86.Build.0 = Release|Any CPU
		{63D0A0F4-110C-4975-A65C-F78EB9366512}.Debug|Any CPU.ActiveCfg = Debug|Any CPU
		{63D0A0F4-110C-4975-A65C-F78EB9366512}.Debug|Any CPU.Build.0 = Debug|Any CPU
		{63D0A0F4-110C-4975-A65C-F78EB9366512}.Debug|ARM.ActiveCfg = Debug|Any CPU
		{63D0A0F4-110C-4975-A65C-F78EB9366512}.Debug|ARM.Build.0 = Debug|Any CPU
		{63D0A0F4-110C-4975-A65C-F78EB9366512}.Debug|x64.ActiveCfg = Debug|Any CPU
		{63D0A0F4-110C-4975-A65C-F78EB9366512}.Debug|x64.Build.0 = Debug|Any CPU
		{63D0A0F4-110C-4975-A65C-F78EB9366512}.Debug|x86.ActiveCfg = Debug|Any CPU
		{63D0A0F4-110C-4975-A65C-F78EB9366512}.Debug|x86.Build.0 = Debug|Any CPU
		{63D0A0F4-110C-4975-A65C-F78EB9366512}.Release|Any CPU.ActiveCfg = Release|Any CPU
		{63D0A0F4-110C-4975-A65C-F78EB9366512}.Release|Any CPU.Build.0 = Release|Any CPU
		{63D0A0F4-110C-4975-A65C-F78EB9366512}.Release|ARM.ActiveCfg = Release|Any CPU
		{63D0A0F4-110C-4975-A65C-F78EB9366512}.Release|ARM.Build.0 = Release|Any CPU
		{63D0A0F4-110C-4975-A65C-F78EB9366512}.Release|x64.ActiveCfg = Release|Any CPU
		{63D0A0F4-110C-4975-A65C-F78EB9366512}.Release|x64.Build.0 = Release|Any CPU
		{63D0A0F4-110C-4975-A65C-F78EB9366512}.Release|x86.ActiveCfg = Release|Any CPU
		{63D0A0F4-110C-4975-A65C-F78EB9366512}.Release|x86.Build.0 = Release|Any CPU
		{D3D96BD4-5365-47F0-9E00-88CB8DAB4594}.Debug|Any CPU.ActiveCfg = Debug|Any CPU
		{D3D96BD4-5365-47F0-9E00-88CB8DAB4594}.Debug|Any CPU.Build.0 = Debug|Any CPU
		{D3D96BD4-5365-47F0-9E00-88CB8DAB4594}.Debug|ARM.ActiveCfg = Debug|Any CPU
		{D3D96BD4-5365-47F0-9E00-88CB8DAB4594}.Debug|ARM.Build.0 = Debug|Any CPU
		{D3D96BD4-5365-47F0-9E00-88CB8DAB4594}.Debug|x64.ActiveCfg = Debug|Any CPU
		{D3D96BD4-5365-47F0-9E00-88CB8DAB4594}.Debug|x64.Build.0 = Debug|Any CPU
		{D3D96BD4-5365-47F0-9E00-88CB8DAB4594}.Debug|x86.ActiveCfg = Debug|Any CPU
		{D3D96BD4-5365-47F0-9E00-88CB8DAB4594}.Debug|x86.Build.0 = Debug|Any CPU
		{D3D96BD4-5365-47F0-9E00-88CB8DAB4594}.Release|Any CPU.ActiveCfg = Release|Any CPU
		{D3D96BD4-5365-47F0-9E00-88CB8DAB4594}.Release|Any CPU.Build.0 = Release|Any CPU
		{D3D96BD4-5365-47F0-9E00-88CB8DAB4594}.Release|ARM.ActiveCfg = Release|Any CPU
		{D3D96BD4-5365-47F0-9E00-88CB8DAB4594}.Release|ARM.Build.0 = Release|Any CPU
		{D3D96BD4-5365-47F0-9E00-88CB8DAB4594}.Release|x64.ActiveCfg = Release|Any CPU
		{D3D96BD4-5365-47F0-9E00-88CB8DAB4594}.Release|x64.Build.0 = Release|Any CPU
		{D3D96BD4-5365-47F0-9E00-88CB8DAB4594}.Release|x86.ActiveCfg = Release|Any CPU
		{D3D96BD4-5365-47F0-9E00-88CB8DAB4594}.Release|x86.Build.0 = Release|Any CPU
		{03938CCD-4B40-8DFB-6B9B-21988D5CAC0A}.Debug|Any CPU.ActiveCfg = Debug|Any CPU
		{03938CCD-4B40-8DFB-6B9B-21988D5CAC0A}.Debug|Any CPU.Build.0 = Debug|Any CPU
		{03938CCD-4B40-8DFB-6B9B-21988D5CAC0A}.Debug|ARM.ActiveCfg = Debug|Any CPU
		{03938CCD-4B40-8DFB-6B9B-21988D5CAC0A}.Debug|ARM.Build.0 = Debug|Any CPU
		{03938CCD-4B40-8DFB-6B9B-21988D5CAC0A}.Debug|x64.ActiveCfg = Debug|Any CPU
		{03938CCD-4B40-8DFB-6B9B-21988D5CAC0A}.Debug|x64.Build.0 = Debug|Any CPU
		{03938CCD-4B40-8DFB-6B9B-21988D5CAC0A}.Debug|x86.ActiveCfg = Debug|Any CPU
		{03938CCD-4B40-8DFB-6B9B-21988D5CAC0A}.Debug|x86.Build.0 = Debug|Any CPU
		{03938CCD-4B40-8DFB-6B9B-21988D5CAC0A}.Release|Any CPU.ActiveCfg = Release|Any CPU
		{03938CCD-4B40-8DFB-6B9B-21988D5CAC0A}.Release|Any CPU.Build.0 = Release|Any CPU
		{03938CCD-4B40-8DFB-6B9B-21988D5CAC0A}.Release|ARM.ActiveCfg = Release|Any CPU
		{03938CCD-4B40-8DFB-6B9B-21988D5CAC0A}.Release|ARM.Build.0 = Release|Any CPU
		{03938CCD-4B40-8DFB-6B9B-21988D5CAC0A}.Release|x64.ActiveCfg = Release|Any CPU
		{03938CCD-4B40-8DFB-6B9B-21988D5CAC0A}.Release|x64.Build.0 = Release|Any CPU
		{03938CCD-4B40-8DFB-6B9B-21988D5CAC0A}.Release|x86.ActiveCfg = Release|Any CPU
		{03938CCD-4B40-8DFB-6B9B-21988D5CAC0A}.Release|x86.Build.0 = Release|Any CPU
		{09B46226-3263-561E-D797-C9025C53BDD6}.Debug|Any CPU.ActiveCfg = Debug|Any CPU
		{09B46226-3263-561E-D797-C9025C53BDD6}.Debug|Any CPU.Build.0 = Debug|Any CPU
		{09B46226-3263-561E-D797-C9025C53BDD6}.Debug|ARM.ActiveCfg = Debug|Any CPU
		{09B46226-3263-561E-D797-C9025C53BDD6}.Debug|ARM.Build.0 = Debug|Any CPU
		{09B46226-3263-561E-D797-C9025C53BDD6}.Debug|x64.ActiveCfg = Debug|Any CPU
		{09B46226-3263-561E-D797-C9025C53BDD6}.Debug|x64.Build.0 = Debug|Any CPU
		{09B46226-3263-561E-D797-C9025C53BDD6}.Debug|x86.ActiveCfg = Debug|Any CPU
		{09B46226-3263-561E-D797-C9025C53BDD6}.Debug|x86.Build.0 = Debug|Any CPU
		{09B46226-3263-561E-D797-C9025C53BDD6}.Release|Any CPU.ActiveCfg = Release|Any CPU
		{09B46226-3263-561E-D797-C9025C53BDD6}.Release|Any CPU.Build.0 = Release|Any CPU
		{09B46226-3263-561E-D797-C9025C53BDD6}.Release|ARM.ActiveCfg = Release|Any CPU
		{09B46226-3263-561E-D797-C9025C53BDD6}.Release|ARM.Build.0 = Release|Any CPU
		{09B46226-3263-561E-D797-C9025C53BDD6}.Release|x64.ActiveCfg = Release|Any CPU
		{09B46226-3263-561E-D797-C9025C53BDD6}.Release|x64.Build.0 = Release|Any CPU
		{09B46226-3263-561E-D797-C9025C53BDD6}.Release|x86.ActiveCfg = Release|Any CPU
		{09B46226-3263-561E-D797-C9025C53BDD6}.Release|x86.Build.0 = Release|Any CPU
		{6043EDD0-DE27-409B-8CC3-9F23DFBBEF95}.Debug|Any CPU.ActiveCfg = Debug|Any CPU
		{6043EDD0-DE27-409B-8CC3-9F23DFBBEF95}.Debug|Any CPU.Build.0 = Debug|Any CPU
		{6043EDD0-DE27-409B-8CC3-9F23DFBBEF95}.Debug|ARM.ActiveCfg = Debug|Any CPU
		{6043EDD0-DE27-409B-8CC3-9F23DFBBEF95}.Debug|ARM.Build.0 = Debug|Any CPU
		{6043EDD0-DE27-409B-8CC3-9F23DFBBEF95}.Debug|x64.ActiveCfg = Debug|Any CPU
		{6043EDD0-DE27-409B-8CC3-9F23DFBBEF95}.Debug|x64.Build.0 = Debug|Any CPU
		{6043EDD0-DE27-409B-8CC3-9F23DFBBEF95}.Debug|x86.ActiveCfg = Debug|Any CPU
		{6043EDD0-DE27-409B-8CC3-9F23DFBBEF95}.Debug|x86.Build.0 = Debug|Any CPU
		{6043EDD0-DE27-409B-8CC3-9F23DFBBEF95}.Release|Any CPU.ActiveCfg = Release|Any CPU
		{6043EDD0-DE27-409B-8CC3-9F23DFBBEF95}.Release|Any CPU.Build.0 = Release|Any CPU
		{6043EDD0-DE27-409B-8CC3-9F23DFBBEF95}.Release|ARM.ActiveCfg = Release|Any CPU
		{6043EDD0-DE27-409B-8CC3-9F23DFBBEF95}.Release|ARM.Build.0 = Release|Any CPU
		{6043EDD0-DE27-409B-8CC3-9F23DFBBEF95}.Release|x64.ActiveCfg = Release|Any CPU
		{6043EDD0-DE27-409B-8CC3-9F23DFBBEF95}.Release|x64.Build.0 = Release|Any CPU
		{6043EDD0-DE27-409B-8CC3-9F23DFBBEF95}.Release|x86.ActiveCfg = Release|Any CPU
		{6043EDD0-DE27-409B-8CC3-9F23DFBBEF95}.Release|x86.Build.0 = Release|Any CPU
	EndGlobalSection
	GlobalSection(SolutionProperties) = preSolution
		HideSolutionNode = FALSE
	EndGlobalSection
	GlobalSection(NestedProjects) = preSolution
		{C2F3FF04-9896-4AB9-9FCD-5AD6762A6AB8} = {3D04C4DC-6F8E-4326-9569-92F3E26C6EEB}
		{52CD2DB5-BACF-4809-AF14-4CE9A1B0E09B} = {D467C2A1-0B15-477F-A59D-2637399340A3}
		{F1BE5EF2-67D5-4788-AF4E-3D4CC2BBFFE7} = {D467C2A1-0B15-477F-A59D-2637399340A3}
		{BC54CD42-6497-4E2D-946A-6788A99432BB} = {3D04C4DC-6F8E-4326-9569-92F3E26C6EEB}
		{7AA465D5-9953-4814-A002-99A125510B5F} = {C2F3FF04-9896-4AB9-9FCD-5AD6762A6AB8}
		{046C6C27-E77C-4D41-9741-77E822528B7E} = {3D04C4DC-6F8E-4326-9569-92F3E26C6EEB}
		{D467C2A1-0B15-477F-A59D-2637399340A3} = {C2F3FF04-9896-4AB9-9FCD-5AD6762A6AB8}
		{B71CE790-4EF0-4B0F-A85E-8EF18EF605F3} = {C2F3FF04-9896-4AB9-9FCD-5AD6762A6AB8}
		{8FEF524F-01F1-495C-8DFC-FF7572B468BB} = {C2F3FF04-9896-4AB9-9FCD-5AD6762A6AB8}
		{9C95F09C-F3C0-4B2E-8343-D04E94AF90C7} = {C2F3FF04-9896-4AB9-9FCD-5AD6762A6AB8}
		{0FF1A954-0B42-4D2B-8705-88BA88D8ABE8} = {C2F3FF04-9896-4AB9-9FCD-5AD6762A6AB8}
		{011D2869-C9F7-4B8B-9BDD-59EEB374B62D} = {C2F3FF04-9896-4AB9-9FCD-5AD6762A6AB8}
		{F6ECD8E8-6A70-4A5D-BDB4-5C4FCFB5915A} = {C2F3FF04-9896-4AB9-9FCD-5AD6762A6AB8}
		{749AB7E3-5CE4-4B41-94BC-88614E42A1B1} = {C2F3FF04-9896-4AB9-9FCD-5AD6762A6AB8}
		{0B7E2D26-65CD-4099-BF0B-F87668115457} = {C2F3FF04-9896-4AB9-9FCD-5AD6762A6AB8}
		{E389F6DC-206D-4E5F-ACF8-5DF2057AD43E} = {C2F3FF04-9896-4AB9-9FCD-5AD6762A6AB8}
		{52384254-CF12-4E1B-986E-6051517BBD18} = {C2F3FF04-9896-4AB9-9FCD-5AD6762A6AB8}
		{8A01A3D7-9D9B-48F3-82B4-DCD13B8BC1F8} = {C2F3FF04-9896-4AB9-9FCD-5AD6762A6AB8}
		{9A7E30BB-CCDA-4447-ABBC-53C45865C7AA} = {C2F3FF04-9896-4AB9-9FCD-5AD6762A6AB8}
		{68152316-E102-41E9-A1DA-4DD06352FDAD} = {C2F3FF04-9896-4AB9-9FCD-5AD6762A6AB8}
		{7E36AC02-0D57-4745-955F-D897937F534F} = {C2F3FF04-9896-4AB9-9FCD-5AD6762A6AB8}
		{EE29F476-B66F-497F-AF12-F539C8FFAF97} = {C2F3FF04-9896-4AB9-9FCD-5AD6762A6AB8}
		{7744CC96-E835-41D2-BD0A-0053AD67B9F2} = {D467C2A1-0B15-477F-A59D-2637399340A3}
		{79B8E1F0-9E40-4FD5-A144-3BFA2FFF753C} = {D467C2A1-0B15-477F-A59D-2637399340A3}
		{C1C831B5-4334-4539-8E34-1F914197846E} = {3D04C4DC-6F8E-4326-9569-92F3E26C6EEB}
		{5FD0BA22-16D5-4E00-A572-6E36EA4C9E63} = {C2F3FF04-9896-4AB9-9FCD-5AD6762A6AB8}
		{63D0A0F4-110C-4975-A65C-F78EB9366512} = {C2F3FF04-9896-4AB9-9FCD-5AD6762A6AB8}
		{13B3A5ED-274E-4821-8EC3-FF3C75E55D67} = {3D04C4DC-6F8E-4326-9569-92F3E26C6EEB}
		{D3D96BD4-5365-47F0-9E00-88CB8DAB4594} = {13B3A5ED-274E-4821-8EC3-FF3C75E55D67}
		{03938CCD-4B40-8DFB-6B9B-21988D5CAC0A} = {3D04C4DC-6F8E-4326-9569-92F3E26C6EEB}
		{09B46226-3263-561E-D797-C9025C53BDD6} = {3D04C4DC-6F8E-4326-9569-92F3E26C6EEB}
		{6043EDD0-DE27-409B-8CC3-9F23DFBBEF95} = {D467C2A1-0B15-477F-A59D-2637399340A3}
	EndGlobalSection
	GlobalSection(ExtensibilityGlobals) = postSolution
		SolutionGuid = {A659CEFB-DDB3-49BE-AEDD-FF2F1B3297DB}
	EndGlobalSection
EndGlobal
