Microsoft Visual Studio Solution File, Format Version 12.00
# Visual Studio Version 16
VisualStudioVersion = 16.0.30204.135
MinimumVisualStudioVersion = 10.0.40219.1
Project("{2150E333-8FDC-42A3-9474-1A3956D46DE8}") = "Solution Items", "Solution Items", "{013DFD29-E1DB-4968-A67B-C2342E6F5B6E}"
	ProjectSection(SolutionItems) = preProject
		Clean.cmd = Clean.cmd
		Issue.txt = Issue.txt
		NuGet.Config = NuGet.Config
	EndProjectSection
EndProject
Project("{2150E333-8FDC-42A3-9474-1A3956D46DE8}") = "src", "src", "{3D04C4DC-6F8E-4326-9569-92F3E26C6EEB}"
EndProject
Project("{9A19103F-16F7-4668-BE54-9A1E7A4F7556}") = "DotNetty.Common", "src\DotNetty.Common\DotNetty.Common.csproj", "{3B9613C3-0FE1-4F7A-AD5A-454952629867}"
EndProject
Project("{9A19103F-16F7-4668-BE54-9A1E7A4F7556}") = "DotNetty.Buffers", "src\DotNetty.Buffers\DotNetty.Buffers.csproj", "{0040F4F7-B6F8-4823-A6F6-1ABC16C20098}"
EndProject
Project("{9A19103F-16F7-4668-BE54-9A1E7A4F7556}") = "DotNetty.Transport", "src\DotNetty.Transport\DotNetty.Transport.csproj", "{C2A9F2F6-363A-4AE0-8080-6830CB204996}"
EndProject
Project("{9A19103F-16F7-4668-BE54-9A1E7A4F7556}") = "DotNetty.Codecs", "src\DotNetty.Codecs\DotNetty.Codecs.csproj", "{D02DB5E8-FD54-46C4-8793-F117B7165D7D}"
EndProject
Project("{9A19103F-16F7-4668-BE54-9A1E7A4F7556}") = "DotNetty.Handlers", "src\DotNetty.Handlers\DotNetty.Handlers.csproj", "{B4E683BC-92EA-4ADC-8B99-BA7208507D80}"
EndProject
Project("{9A19103F-16F7-4668-BE54-9A1E7A4F7556}") = "DotNetty.Codecs.Mqtt", "src\DotNetty.Codecs.Mqtt\DotNetty.Codecs.Mqtt.csproj", "{D8AE3ECA-1BE6-44C5-9174-7C92CCFBEFC2}"
EndProject
Project("{9A19103F-16F7-4668-BE54-9A1E7A4F7556}") = "DotNetty.Codecs.Redis", "src\DotNetty.Codecs.Redis\DotNetty.Codecs.Redis.csproj", "{4ED4B313-21BA-473E-ADC0-FF36E64C2DCF}"
EndProject
Project("{9A19103F-16F7-4668-BE54-9A1E7A4F7556}") = "DotNetty.Transport.Libuv", "src\DotNetty.Transport.Libuv\DotNetty.Transport.Libuv.csproj", "{F89EE43E-F0AE-4EA1-BEFF-6322C6E8EAF5}"
EndProject
Project("{9A19103F-16F7-4668-BE54-9A1E7A4F7556}") = "DotNetty.Codecs.Http", "src\DotNetty.Codecs.Http\DotNetty.Codecs.Http.csproj", "{87DD4EAA-BBCF-439F-A263-59044B6E8930}"
EndProject
Project("{9A19103F-16F7-4668-BE54-9A1E7A4F7556}") = "DotNetty.Codecs.Http2", "src\DotNetty.Codecs.Http2\DotNetty.Codecs.Http2.csproj", "{85BC5580-3A11-4078-8DB7-3C113DA938A2}"
EndProject
Project("{9A19103F-16F7-4668-BE54-9A1E7A4F7556}") = "DotNetty.KCP", "src\DotNetty.KCP\DotNetty.KCP.csproj", "{E17E9E38-494F-4BAF-9AD8-EDCB87BDEAF2}"
EndProject
Project("{2150E333-8FDC-42A3-9474-1A3956D46DE8}") = "ThirdParty", "ThirdParty", "{C2F3FF04-9896-4AB9-9FCD-5AD6762A6AB8}"
EndProject
Project("{9A19103F-16F7-4668-BE54-9A1E7A4F7556}") = "MessagePack", "src\MessagePack\MessagePack.csproj", "{C51D5087-4290-456B-8355-CA83822C6B79}"
EndProject
Project("{9A19103F-16F7-4668-BE54-9A1E7A4F7556}") = "MessagePack.UnityShims", "src\MessagePack.UnityShims\MessagePack.UnityShims.csproj", "{A7ABECF5-98DE-411A-9D02-802EA6545840}"
EndProject
Project("{9A19103F-16F7-4668-BE54-9A1E7A4F7556}") = "MessagePack.Annotations", "src\MessagePack.Annotations\MessagePack.Annotations.csproj", "{1076BDA8-8AC0-470C-9E50-62D9D544D9E0}"
EndProject
Project("{9A19103F-16F7-4668-BE54-9A1E7A4F7556}") = "Server.App", "src\Server.App\Server.App.csproj", "{DD57339C-D9DE-4B6B-9C05-19B79C3B2D1C}"
EndProject
Project("{9A19103F-16F7-4668-BE54-9A1E7A4F7556}") = "DotNetty.TCP", "src\DotNetty.TCP\DotNetty.TCP.csproj", "{51EFB466-5154-43AB-9DC0-186607EA5842}"
EndProject
Project("{9A19103F-16F7-4668-BE54-9A1E7A4F7556}") = "Client.App", "src\Client.App\Client.App.csproj", "{016C7F6E-9DE7-4E54-B8C0-888C52B0160D}"
EndProject
Project("{9A19103F-16F7-4668-BE54-9A1E7A4F7556}") = "Fenix.Gen", "src\Fenix.Gen\Fenix.Gen.csproj", "{7759A129-2626-43C5-B407-819071DA61F8}"
EndProject
Project("{9A19103F-16F7-4668-BE54-9A1E7A4F7556}") = "Fenix.Runtime", "src\Fenix.Runtime\Fenix.Runtime.csproj", "{5851B854-DB95-4D96-8698-11665D4BF6D8}"
EndProject
Project("{9A19103F-16F7-4668-BE54-9A1E7A4F7556}") = "Shared", "src\Shared\Shared.csproj", "{48D26D71-9AD1-4E4C-A785-ADC9AE45C56C}"
EndProject
Global
	GlobalSection(SolutionConfigurationPlatforms) = preSolution
		Debug|Any CPU = Debug|Any CPU
		Debug|ARM = Debug|ARM
		Debug|x64 = Debug|x64
		Debug|x86 = Debug|x86
		Release|Any CPU = Release|Any CPU
		Release|ARM = Release|ARM
		Release|x64 = Release|x64
		Release|x86 = Release|x86
	EndGlobalSection
	GlobalSection(ProjectConfigurationPlatforms) = postSolution
		{3B9613C3-0FE1-4F7A-AD5A-454952629867}.Debug|Any CPU.ActiveCfg = Debug|Any CPU
		{3B9613C3-0FE1-4F7A-AD5A-454952629867}.Debug|Any CPU.Build.0 = Debug|Any CPU
		{3B9613C3-0FE1-4F7A-AD5A-454952629867}.Debug|ARM.ActiveCfg = Debug|Any CPU
		{3B9613C3-0FE1-4F7A-AD5A-454952629867}.Debug|ARM.Build.0 = Debug|Any CPU
		{3B9613C3-0FE1-4F7A-AD5A-454952629867}.Debug|x64.ActiveCfg = Debug|Any CPU
		{3B9613C3-0FE1-4F7A-AD5A-454952629867}.Debug|x64.Build.0 = Debug|Any CPU
		{3B9613C3-0FE1-4F7A-AD5A-454952629867}.Debug|x86.ActiveCfg = Debug|Any CPU
		{3B9613C3-0FE1-4F7A-AD5A-454952629867}.Debug|x86.Build.0 = Debug|Any CPU
		{3B9613C3-0FE1-4F7A-AD5A-454952629867}.Release|Any CPU.ActiveCfg = Release|Any CPU
		{3B9613C3-0FE1-4F7A-AD5A-454952629867}.Release|Any CPU.Build.0 = Release|Any CPU
		{3B9613C3-0FE1-4F7A-AD5A-454952629867}.Release|ARM.ActiveCfg = Release|Any CPU
		{3B9613C3-0FE1-4F7A-AD5A-454952629867}.Release|ARM.Build.0 = Release|Any CPU
		{3B9613C3-0FE1-4F7A-AD5A-454952629867}.Release|x64.ActiveCfg = Release|Any CPU
		{3B9613C3-0FE1-4F7A-AD5A-454952629867}.Release|x64.Build.0 = Release|Any CPU
		{3B9613C3-0FE1-4F7A-AD5A-454952629867}.Release|x86.ActiveCfg = Release|Any CPU
		{3B9613C3-0FE1-4F7A-AD5A-454952629867}.Release|x86.Build.0 = Release|Any CPU
		{0040F4F7-B6F8-4823-A6F6-1ABC16C20098}.Debug|Any CPU.ActiveCfg = Debug|Any CPU
		{0040F4F7-B6F8-4823-A6F6-1ABC16C20098}.Debug|Any CPU.Build.0 = Debug|Any CPU
		{0040F4F7-B6F8-4823-A6F6-1ABC16C20098}.Debug|ARM.ActiveCfg = Debug|Any CPU
		{0040F4F7-B6F8-4823-A6F6-1ABC16C20098}.Debug|ARM.Build.0 = Debug|Any CPU
		{0040F4F7-B6F8-4823-A6F6-1ABC16C20098}.Debug|x64.ActiveCfg = Debug|Any CPU
		{0040F4F7-B6F8-4823-A6F6-1ABC16C20098}.Debug|x64.Build.0 = Debug|Any CPU
		{0040F4F7-B6F8-4823-A6F6-1ABC16C20098}.Debug|x86.ActiveCfg = Debug|Any CPU
		{0040F4F7-B6F8-4823-A6F6-1ABC16C20098}.Debug|x86.Build.0 = Debug|Any CPU
		{0040F4F7-B6F8-4823-A6F6-1ABC16C20098}.Release|Any CPU.ActiveCfg = Release|Any CPU
		{0040F4F7-B6F8-4823-A6F6-1ABC16C20098}.Release|Any CPU.Build.0 = Release|Any CPU
		{0040F4F7-B6F8-4823-A6F6-1ABC16C20098}.Release|ARM.ActiveCfg = Release|Any CPU
		{0040F4F7-B6F8-4823-A6F6-1ABC16C20098}.Release|ARM.Build.0 = Release|Any CPU
		{0040F4F7-B6F8-4823-A6F6-1ABC16C20098}.Release|x64.ActiveCfg = Release|Any CPU
		{0040F4F7-B6F8-4823-A6F6-1ABC16C20098}.Release|x64.Build.0 = Release|Any CPU
		{0040F4F7-B6F8-4823-A6F6-1ABC16C20098}.Release|x86.ActiveCfg = Release|Any CPU
		{0040F4F7-B6F8-4823-A6F6-1ABC16C20098}.Release|x86.Build.0 = Release|Any CPU
		{C2A9F2F6-363A-4AE0-8080-6830CB204996}.Debug|Any CPU.ActiveCfg = Debug|Any CPU
		{C2A9F2F6-363A-4AE0-8080-6830CB204996}.Debug|Any CPU.Build.0 = Debug|Any CPU
		{C2A9F2F6-363A-4AE0-8080-6830CB204996}.Debug|ARM.ActiveCfg = Debug|Any CPU
		{C2A9F2F6-363A-4AE0-8080-6830CB204996}.Debug|ARM.Build.0 = Debug|Any CPU
		{C2A9F2F6-363A-4AE0-8080-6830CB204996}.Debug|x64.ActiveCfg = Debug|Any CPU
		{C2A9F2F6-363A-4AE0-8080-6830CB204996}.Debug|x64.Build.0 = Debug|Any CPU
		{C2A9F2F6-363A-4AE0-8080-6830CB204996}.Debug|x86.ActiveCfg = Debug|Any CPU
		{C2A9F2F6-363A-4AE0-8080-6830CB204996}.Debug|x86.Build.0 = Debug|Any CPU
		{C2A9F2F6-363A-4AE0-8080-6830CB204996}.Release|Any CPU.ActiveCfg = Release|Any CPU
		{C2A9F2F6-363A-4AE0-8080-6830CB204996}.Release|Any CPU.Build.0 = Release|Any CPU
		{C2A9F2F6-363A-4AE0-8080-6830CB204996}.Release|ARM.ActiveCfg = Release|Any CPU
		{C2A9F2F6-363A-4AE0-8080-6830CB204996}.Release|ARM.Build.0 = Release|Any CPU
		{C2A9F2F6-363A-4AE0-8080-6830CB204996}.Release|x64.ActiveCfg = Release|Any CPU
		{C2A9F2F6-363A-4AE0-8080-6830CB204996}.Release|x64.Build.0 = Release|Any CPU
		{C2A9F2F6-363A-4AE0-8080-6830CB204996}.Release|x86.ActiveCfg = Release|Any CPU
		{C2A9F2F6-363A-4AE0-8080-6830CB204996}.Release|x86.Build.0 = Release|Any CPU
		{D02DB5E8-FD54-46C4-8793-F117B7165D7D}.Debug|Any CPU.ActiveCfg = Debug|Any CPU
		{D02DB5E8-FD54-46C4-8793-F117B7165D7D}.Debug|Any CPU.Build.0 = Debug|Any CPU
		{D02DB5E8-FD54-46C4-8793-F117B7165D7D}.Debug|ARM.ActiveCfg = Debug|Any CPU
		{D02DB5E8-FD54-46C4-8793-F117B7165D7D}.Debug|ARM.Build.0 = Debug|Any CPU
		{D02DB5E8-FD54-46C4-8793-F117B7165D7D}.Debug|x64.ActiveCfg = Debug|Any CPU
		{D02DB5E8-FD54-46C4-8793-F117B7165D7D}.Debug|x64.Build.0 = Debug|Any CPU
		{D02DB5E8-FD54-46C4-8793-F117B7165D7D}.Debug|x86.ActiveCfg = Debug|Any CPU
		{D02DB5E8-FD54-46C4-8793-F117B7165D7D}.Debug|x86.Build.0 = Debug|Any CPU
		{D02DB5E8-FD54-46C4-8793-F117B7165D7D}.Release|Any CPU.ActiveCfg = Release|Any CPU
		{D02DB5E8-FD54-46C4-8793-F117B7165D7D}.Release|Any CPU.Build.0 = Release|Any CPU
		{D02DB5E8-FD54-46C4-8793-F117B7165D7D}.Release|ARM.ActiveCfg = Release|Any CPU
		{D02DB5E8-FD54-46C4-8793-F117B7165D7D}.Release|ARM.Build.0 = Release|Any CPU
		{D02DB5E8-FD54-46C4-8793-F117B7165D7D}.Release|x64.ActiveCfg = Release|Any CPU
		{D02DB5E8-FD54-46C4-8793-F117B7165D7D}.Release|x64.Build.0 = Release|Any CPU
		{D02DB5E8-FD54-46C4-8793-F117B7165D7D}.Release|x86.ActiveCfg = Release|Any CPU
		{D02DB5E8-FD54-46C4-8793-F117B7165D7D}.Release|x86.Build.0 = Release|Any CPU
		{B4E683BC-92EA-4ADC-8B99-BA7208507D80}.Debug|Any CPU.ActiveCfg = Debug|Any CPU
		{B4E683BC-92EA-4ADC-8B99-BA7208507D80}.Debug|Any CPU.Build.0 = Debug|Any CPU
		{B4E683BC-92EA-4ADC-8B99-BA7208507D80}.Debug|ARM.ActiveCfg = Debug|Any CPU
		{B4E683BC-92EA-4ADC-8B99-BA7208507D80}.Debug|ARM.Build.0 = Debug|Any CPU
		{B4E683BC-92EA-4ADC-8B99-BA7208507D80}.Debug|x64.ActiveCfg = Debug|Any CPU
		{B4E683BC-92EA-4ADC-8B99-BA7208507D80}.Debug|x64.Build.0 = Debug|Any CPU
		{B4E683BC-92EA-4ADC-8B99-BA7208507D80}.Debug|x86.ActiveCfg = Debug|Any CPU
		{B4E683BC-92EA-4ADC-8B99-BA7208507D80}.Debug|x86.Build.0 = Debug|Any CPU
		{B4E683BC-92EA-4ADC-8B99-BA7208507D80}.Release|Any CPU.ActiveCfg = Release|Any CPU
		{B4E683BC-92EA-4ADC-8B99-BA7208507D80}.Release|Any CPU.Build.0 = Release|Any CPU
		{B4E683BC-92EA-4ADC-8B99-BA7208507D80}.Release|ARM.ActiveCfg = Release|Any CPU
		{B4E683BC-92EA-4ADC-8B99-BA7208507D80}.Release|ARM.Build.0 = Release|Any CPU
		{B4E683BC-92EA-4ADC-8B99-BA7208507D80}.Release|x64.ActiveCfg = Release|Any CPU
		{B4E683BC-92EA-4ADC-8B99-BA7208507D80}.Release|x64.Build.0 = Release|Any CPU
		{B4E683BC-92EA-4ADC-8B99-BA7208507D80}.Release|x86.ActiveCfg = Release|Any CPU
		{B4E683BC-92EA-4ADC-8B99-BA7208507D80}.Release|x86.Build.0 = Release|Any CPU
		{D8AE3ECA-1BE6-44C5-9174-7C92CCFBEFC2}.Debug|Any CPU.ActiveCfg = Debug|Any CPU
		{D8AE3ECA-1BE6-44C5-9174-7C92CCFBEFC2}.Debug|Any CPU.Build.0 = Debug|Any CPU
		{D8AE3ECA-1BE6-44C5-9174-7C92CCFBEFC2}.Debug|ARM.ActiveCfg = Debug|Any CPU
		{D8AE3ECA-1BE6-44C5-9174-7C92CCFBEFC2}.Debug|ARM.Build.0 = Debug|Any CPU
		{D8AE3ECA-1BE6-44C5-9174-7C92CCFBEFC2}.Debug|x64.ActiveCfg = Debug|Any CPU
		{D8AE3ECA-1BE6-44C5-9174-7C92CCFBEFC2}.Debug|x64.Build.0 = Debug|Any CPU
		{D8AE3ECA-1BE6-44C5-9174-7C92CCFBEFC2}.Debug|x86.ActiveCfg = Debug|Any CPU
		{D8AE3ECA-1BE6-44C5-9174-7C92CCFBEFC2}.Debug|x86.Build.0 = Debug|Any CPU
		{D8AE3ECA-1BE6-44C5-9174-7C92CCFBEFC2}.Release|Any CPU.ActiveCfg = Release|Any CPU
		{D8AE3ECA-1BE6-44C5-9174-7C92CCFBEFC2}.Release|Any CPU.Build.0 = Release|Any CPU
		{D8AE3ECA-1BE6-44C5-9174-7C92CCFBEFC2}.Release|ARM.ActiveCfg = Release|Any CPU
		{D8AE3ECA-1BE6-44C5-9174-7C92CCFBEFC2}.Release|ARM.Build.0 = Release|Any CPU
		{D8AE3ECA-1BE6-44C5-9174-7C92CCFBEFC2}.Release|x64.ActiveCfg = Release|Any CPU
		{D8AE3ECA-1BE6-44C5-9174-7C92CCFBEFC2}.Release|x64.Build.0 = Release|Any CPU
		{D8AE3ECA-1BE6-44C5-9174-7C92CCFBEFC2}.Release|x86.ActiveCfg = Release|Any CPU
		{D8AE3ECA-1BE6-44C5-9174-7C92CCFBEFC2}.Release|x86.Build.0 = Release|Any CPU
		{4ED4B313-21BA-473E-ADC0-FF36E64C2DCF}.Debug|Any CPU.ActiveCfg = Debug|Any CPU
		{4ED4B313-21BA-473E-ADC0-FF36E64C2DCF}.Debug|Any CPU.Build.0 = Debug|Any CPU
		{4ED4B313-21BA-473E-ADC0-FF36E64C2DCF}.Debug|ARM.ActiveCfg = Debug|Any CPU
		{4ED4B313-21BA-473E-ADC0-FF36E64C2DCF}.Debug|ARM.Build.0 = Debug|Any CPU
		{4ED4B313-21BA-473E-ADC0-FF36E64C2DCF}.Debug|x64.ActiveCfg = Debug|Any CPU
		{4ED4B313-21BA-473E-ADC0-FF36E64C2DCF}.Debug|x64.Build.0 = Debug|Any CPU
		{4ED4B313-21BA-473E-ADC0-FF36E64C2DCF}.Debug|x86.ActiveCfg = Debug|Any CPU
		{4ED4B313-21BA-473E-ADC0-FF36E64C2DCF}.Debug|x86.Build.0 = Debug|Any CPU
		{4ED4B313-21BA-473E-ADC0-FF36E64C2DCF}.Release|Any CPU.ActiveCfg = Release|Any CPU
		{4ED4B313-21BA-473E-ADC0-FF36E64C2DCF}.Release|Any CPU.Build.0 = Release|Any CPU
		{4ED4B313-21BA-473E-ADC0-FF36E64C2DCF}.Release|ARM.ActiveCfg = Release|Any CPU
		{4ED4B313-21BA-473E-ADC0-FF36E64C2DCF}.Release|ARM.Build.0 = Release|Any CPU
		{4ED4B313-21BA-473E-ADC0-FF36E64C2DCF}.Release|x64.ActiveCfg = Release|Any CPU
		{4ED4B313-21BA-473E-ADC0-FF36E64C2DCF}.Release|x64.Build.0 = Release|Any CPU
		{4ED4B313-21BA-473E-ADC0-FF36E64C2DCF}.Release|x86.ActiveCfg = Release|Any CPU
		{4ED4B313-21BA-473E-ADC0-FF36E64C2DCF}.Release|x86.Build.0 = Release|Any CPU
		{F89EE43E-F0AE-4EA1-BEFF-6322C6E8EAF5}.Debug|Any CPU.ActiveCfg = Debug|Any CPU
		{F89EE43E-F0AE-4EA1-BEFF-6322C6E8EAF5}.Debug|Any CPU.Build.0 = Debug|Any CPU
		{F89EE43E-F0AE-4EA1-BEFF-6322C6E8EAF5}.Debug|ARM.ActiveCfg = Debug|Any CPU
		{F89EE43E-F0AE-4EA1-BEFF-6322C6E8EAF5}.Debug|ARM.Build.0 = Debug|Any CPU
		{F89EE43E-F0AE-4EA1-BEFF-6322C6E8EAF5}.Debug|x64.ActiveCfg = Debug|Any CPU
		{F89EE43E-F0AE-4EA1-BEFF-6322C6E8EAF5}.Debug|x64.Build.0 = Debug|Any CPU
		{F89EE43E-F0AE-4EA1-BEFF-6322C6E8EAF5}.Debug|x86.ActiveCfg = Debug|Any CPU
		{F89EE43E-F0AE-4EA1-BEFF-6322C6E8EAF5}.Debug|x86.Build.0 = Debug|Any CPU
		{F89EE43E-F0AE-4EA1-BEFF-6322C6E8EAF5}.Release|Any CPU.ActiveCfg = Release|Any CPU
		{F89EE43E-F0AE-4EA1-BEFF-6322C6E8EAF5}.Release|Any CPU.Build.0 = Release|Any CPU
		{F89EE43E-F0AE-4EA1-BEFF-6322C6E8EAF5}.Release|ARM.ActiveCfg = Release|Any CPU
		{F89EE43E-F0AE-4EA1-BEFF-6322C6E8EAF5}.Release|ARM.Build.0 = Release|Any CPU
		{F89EE43E-F0AE-4EA1-BEFF-6322C6E8EAF5}.Release|x64.ActiveCfg = Release|Any CPU
		{F89EE43E-F0AE-4EA1-BEFF-6322C6E8EAF5}.Release|x64.Build.0 = Release|Any CPU
		{F89EE43E-F0AE-4EA1-BEFF-6322C6E8EAF5}.Release|x86.ActiveCfg = Release|Any CPU
		{F89EE43E-F0AE-4EA1-BEFF-6322C6E8EAF5}.Release|x86.Build.0 = Release|Any CPU
		{87DD4EAA-BBCF-439F-A263-59044B6E8930}.Debug|Any CPU.ActiveCfg = Debug|Any CPU
		{87DD4EAA-BBCF-439F-A263-59044B6E8930}.Debug|Any CPU.Build.0 = Debug|Any CPU
		{87DD4EAA-BBCF-439F-A263-59044B6E8930}.Debug|ARM.ActiveCfg = Debug|Any CPU
		{87DD4EAA-BBCF-439F-A263-59044B6E8930}.Debug|ARM.Build.0 = Debug|Any CPU
		{87DD4EAA-BBCF-439F-A263-59044B6E8930}.Debug|x64.ActiveCfg = Debug|Any CPU
		{87DD4EAA-BBCF-439F-A263-59044B6E8930}.Debug|x64.Build.0 = Debug|Any CPU
		{87DD4EAA-BBCF-439F-A263-59044B6E8930}.Debug|x86.ActiveCfg = Debug|Any CPU
		{87DD4EAA-BBCF-439F-A263-59044B6E8930}.Debug|x86.Build.0 = Debug|Any CPU
		{87DD4EAA-BBCF-439F-A263-59044B6E8930}.Release|Any CPU.ActiveCfg = Release|Any CPU
		{87DD4EAA-BBCF-439F-A263-59044B6E8930}.Release|Any CPU.Build.0 = Release|Any CPU
		{87DD4EAA-BBCF-439F-A263-59044B6E8930}.Release|ARM.ActiveCfg = Release|Any CPU
		{87DD4EAA-BBCF-439F-A263-59044B6E8930}.Release|ARM.Build.0 = Release|Any CPU
		{87DD4EAA-BBCF-439F-A263-59044B6E8930}.Release|x64.ActiveCfg = Release|Any CPU
		{87DD4EAA-BBCF-439F-A263-59044B6E8930}.Release|x64.Build.0 = Release|Any CPU
		{87DD4EAA-BBCF-439F-A263-59044B6E8930}.Release|x86.ActiveCfg = Release|Any CPU
		{87DD4EAA-BBCF-439F-A263-59044B6E8930}.Release|x86.Build.0 = Release|Any CPU
		{85BC5580-3A11-4078-8DB7-3C113DA938A2}.Debug|Any CPU.ActiveCfg = Debug|Any CPU
		{85BC5580-3A11-4078-8DB7-3C113DA938A2}.Debug|Any CPU.Build.0 = Debug|Any CPU
		{85BC5580-3A11-4078-8DB7-3C113DA938A2}.Debug|ARM.ActiveCfg = Debug|Any CPU
		{85BC5580-3A11-4078-8DB7-3C113DA938A2}.Debug|ARM.Build.0 = Debug|Any CPU
		{85BC5580-3A11-4078-8DB7-3C113DA938A2}.Debug|x64.ActiveCfg = Debug|Any CPU
		{85BC5580-3A11-4078-8DB7-3C113DA938A2}.Debug|x64.Build.0 = Debug|Any CPU
		{85BC5580-3A11-4078-8DB7-3C113DA938A2}.Debug|x86.ActiveCfg = Debug|Any CPU
		{85BC5580-3A11-4078-8DB7-3C113DA938A2}.Debug|x86.Build.0 = Debug|Any CPU
		{85BC5580-3A11-4078-8DB7-3C113DA938A2}.Release|Any CPU.ActiveCfg = Release|Any CPU
		{85BC5580-3A11-4078-8DB7-3C113DA938A2}.Release|Any CPU.Build.0 = Release|Any CPU
		{85BC5580-3A11-4078-8DB7-3C113DA938A2}.Release|ARM.ActiveCfg = Release|Any CPU
		{85BC5580-3A11-4078-8DB7-3C113DA938A2}.Release|ARM.Build.0 = Release|Any CPU
		{85BC5580-3A11-4078-8DB7-3C113DA938A2}.Release|x64.ActiveCfg = Release|Any CPU
		{85BC5580-3A11-4078-8DB7-3C113DA938A2}.Release|x64.Build.0 = Release|Any CPU
		{85BC5580-3A11-4078-8DB7-3C113DA938A2}.Release|x86.ActiveCfg = Release|Any CPU
		{85BC5580-3A11-4078-8DB7-3C113DA938A2}.Release|x86.Build.0 = Release|Any CPU
		{E17E9E38-494F-4BAF-9AD8-EDCB87BDEAF2}.Debug|Any CPU.ActiveCfg = Debug|Any CPU
		{E17E9E38-494F-4BAF-9AD8-EDCB87BDEAF2}.Debug|Any CPU.Build.0 = Debug|Any CPU
		{E17E9E38-494F-4BAF-9AD8-EDCB87BDEAF2}.Debug|ARM.ActiveCfg = Debug|Any CPU
		{E17E9E38-494F-4BAF-9AD8-EDCB87BDEAF2}.Debug|ARM.Build.0 = Debug|Any CPU
		{E17E9E38-494F-4BAF-9AD8-EDCB87BDEAF2}.Debug|x64.ActiveCfg = Debug|Any CPU
		{E17E9E38-494F-4BAF-9AD8-EDCB87BDEAF2}.Debug|x64.Build.0 = Debug|Any CPU
		{E17E9E38-494F-4BAF-9AD8-EDCB87BDEAF2}.Debug|x86.ActiveCfg = Debug|Any CPU
		{E17E9E38-494F-4BAF-9AD8-EDCB87BDEAF2}.Debug|x86.Build.0 = Debug|Any CPU
		{E17E9E38-494F-4BAF-9AD8-EDCB87BDEAF2}.Release|Any CPU.ActiveCfg = Release|Any CPU
		{E17E9E38-494F-4BAF-9AD8-EDCB87BDEAF2}.Release|Any CPU.Build.0 = Release|Any CPU
		{E17E9E38-494F-4BAF-9AD8-EDCB87BDEAF2}.Release|ARM.ActiveCfg = Release|Any CPU
		{E17E9E38-494F-4BAF-9AD8-EDCB87BDEAF2}.Release|ARM.Build.0 = Release|Any CPU
		{E17E9E38-494F-4BAF-9AD8-EDCB87BDEAF2}.Release|x64.ActiveCfg = Release|Any CPU
		{E17E9E38-494F-4BAF-9AD8-EDCB87BDEAF2}.Release|x64.Build.0 = Release|Any CPU
		{E17E9E38-494F-4BAF-9AD8-EDCB87BDEAF2}.Release|x86.ActiveCfg = Release|Any CPU
		{E17E9E38-494F-4BAF-9AD8-EDCB87BDEAF2}.Release|x86.Build.0 = Release|Any CPU
		{C51D5087-4290-456B-8355-CA83822C6B79}.Debug|Any CPU.ActiveCfg = Debug|Any CPU
		{C51D5087-4290-456B-8355-CA83822C6B79}.Debug|Any CPU.Build.0 = Debug|Any CPU
		{C51D5087-4290-456B-8355-CA83822C6B79}.Debug|ARM.ActiveCfg = Debug|Any CPU
		{C51D5087-4290-456B-8355-CA83822C6B79}.Debug|ARM.Build.0 = Debug|Any CPU
		{C51D5087-4290-456B-8355-CA83822C6B79}.Debug|x64.ActiveCfg = Debug|Any CPU
		{C51D5087-4290-456B-8355-CA83822C6B79}.Debug|x64.Build.0 = Debug|Any CPU
		{C51D5087-4290-456B-8355-CA83822C6B79}.Debug|x86.ActiveCfg = Debug|Any CPU
		{C51D5087-4290-456B-8355-CA83822C6B79}.Debug|x86.Build.0 = Debug|Any CPU
		{C51D5087-4290-456B-8355-CA83822C6B79}.Release|Any CPU.ActiveCfg = Release|Any CPU
		{C51D5087-4290-456B-8355-CA83822C6B79}.Release|Any CPU.Build.0 = Release|Any CPU
		{C51D5087-4290-456B-8355-CA83822C6B79}.Release|ARM.ActiveCfg = Release|Any CPU
		{C51D5087-4290-456B-8355-CA83822C6B79}.Release|ARM.Build.0 = Release|Any CPU
		{C51D5087-4290-456B-8355-CA83822C6B79}.Release|x64.ActiveCfg = Release|Any CPU
		{C51D5087-4290-456B-8355-CA83822C6B79}.Release|x64.Build.0 = Release|Any CPU
		{C51D5087-4290-456B-8355-CA83822C6B79}.Release|x86.ActiveCfg = Release|Any CPU
		{C51D5087-4290-456B-8355-CA83822C6B79}.Release|x86.Build.0 = Release|Any CPU
		{A7ABECF5-98DE-411A-9D02-802EA6545840}.Debug|Any CPU.ActiveCfg = Debug|Any CPU
		{A7ABECF5-98DE-411A-9D02-802EA6545840}.Debug|Any CPU.Build.0 = Debug|Any CPU
		{A7ABECF5-98DE-411A-9D02-802EA6545840}.Debug|ARM.ActiveCfg = Debug|Any CPU
		{A7ABECF5-98DE-411A-9D02-802EA6545840}.Debug|ARM.Build.0 = Debug|Any CPU
		{A7ABECF5-98DE-411A-9D02-802EA6545840}.Debug|x64.ActiveCfg = Debug|Any CPU
		{A7ABECF5-98DE-411A-9D02-802EA6545840}.Debug|x64.Build.0 = Debug|Any CPU
		{A7ABECF5-98DE-411A-9D02-802EA6545840}.Debug|x86.ActiveCfg = Debug|Any CPU
		{A7ABECF5-98DE-411A-9D02-802EA6545840}.Debug|x86.Build.0 = Debug|Any CPU
		{A7ABECF5-98DE-411A-9D02-802EA6545840}.Release|Any CPU.ActiveCfg = Release|Any CPU
		{A7ABECF5-98DE-411A-9D02-802EA6545840}.Release|Any CPU.Build.0 = Release|Any CPU
		{A7ABECF5-98DE-411A-9D02-802EA6545840}.Release|ARM.ActiveCfg = Release|Any CPU
		{A7ABECF5-98DE-411A-9D02-802EA6545840}.Release|ARM.Build.0 = Release|Any CPU
		{A7ABECF5-98DE-411A-9D02-802EA6545840}.Release|x64.ActiveCfg = Release|Any CPU
		{A7ABECF5-98DE-411A-9D02-802EA6545840}.Release|x64.Build.0 = Release|Any CPU
		{A7ABECF5-98DE-411A-9D02-802EA6545840}.Release|x86.ActiveCfg = Release|Any CPU
		{A7ABECF5-98DE-411A-9D02-802EA6545840}.Release|x86.Build.0 = Release|Any CPU
		{1076BDA8-8AC0-470C-9E50-62D9D544D9E0}.Debug|Any CPU.ActiveCfg = Debug|Any CPU
		{1076BDA8-8AC0-470C-9E50-62D9D544D9E0}.Debug|Any CPU.Build.0 = Debug|Any CPU
		{1076BDA8-8AC0-470C-9E50-62D9D544D9E0}.Debug|ARM.ActiveCfg = Debug|Any CPU
		{1076BDA8-8AC0-470C-9E50-62D9D544D9E0}.Debug|ARM.Build.0 = Debug|Any CPU
		{1076BDA8-8AC0-470C-9E50-62D9D544D9E0}.Debug|x64.ActiveCfg = Debug|Any CPU
		{1076BDA8-8AC0-470C-9E50-62D9D544D9E0}.Debug|x64.Build.0 = Debug|Any CPU
		{1076BDA8-8AC0-470C-9E50-62D9D544D9E0}.Debug|x86.ActiveCfg = Debug|Any CPU
		{1076BDA8-8AC0-470C-9E50-62D9D544D9E0}.Debug|x86.Build.0 = Debug|Any CPU
		{1076BDA8-8AC0-470C-9E50-62D9D544D9E0}.Release|Any CPU.ActiveCfg = Release|Any CPU
		{1076BDA8-8AC0-470C-9E50-62D9D544D9E0}.Release|Any CPU.Build.0 = Release|Any CPU
		{1076BDA8-8AC0-470C-9E50-62D9D544D9E0}.Release|ARM.ActiveCfg = Release|Any CPU
		{1076BDA8-8AC0-470C-9E50-62D9D544D9E0}.Release|ARM.Build.0 = Release|Any CPU
		{1076BDA8-8AC0-470C-9E50-62D9D544D9E0}.Release|x64.ActiveCfg = Release|Any CPU
		{1076BDA8-8AC0-470C-9E50-62D9D544D9E0}.Release|x64.Build.0 = Release|Any CPU
		{1076BDA8-8AC0-470C-9E50-62D9D544D9E0}.Release|x86.ActiveCfg = Release|Any CPU
		{1076BDA8-8AC0-470C-9E50-62D9D544D9E0}.Release|x86.Build.0 = Release|Any CPU
		{DD57339C-D9DE-4B6B-9C05-19B79C3B2D1C}.Debug|Any CPU.ActiveCfg = Debug|Any CPU
		{DD57339C-D9DE-4B6B-9C05-19B79C3B2D1C}.Debug|Any CPU.Build.0 = Debug|Any CPU
		{DD57339C-D9DE-4B6B-9C05-19B79C3B2D1C}.Debug|ARM.ActiveCfg = Debug|Any CPU
		{DD57339C-D9DE-4B6B-9C05-19B79C3B2D1C}.Debug|ARM.Build.0 = Debug|Any CPU
		{DD57339C-D9DE-4B6B-9C05-19B79C3B2D1C}.Debug|x64.ActiveCfg = Debug|Any CPU
		{DD57339C-D9DE-4B6B-9C05-19B79C3B2D1C}.Debug|x64.Build.0 = Debug|Any CPU
		{DD57339C-D9DE-4B6B-9C05-19B79C3B2D1C}.Debug|x86.ActiveCfg = Debug|Any CPU
		{DD57339C-D9DE-4B6B-9C05-19B79C3B2D1C}.Debug|x86.Build.0 = Debug|Any CPU
		{DD57339C-D9DE-4B6B-9C05-19B79C3B2D1C}.Release|Any CPU.ActiveCfg = Release|Any CPU
		{DD57339C-D9DE-4B6B-9C05-19B79C3B2D1C}.Release|Any CPU.Build.0 = Release|Any CPU
		{DD57339C-D9DE-4B6B-9C05-19B79C3B2D1C}.Release|ARM.ActiveCfg = Release|Any CPU
		{DD57339C-D9DE-4B6B-9C05-19B79C3B2D1C}.Release|ARM.Build.0 = Release|Any CPU
		{DD57339C-D9DE-4B6B-9C05-19B79C3B2D1C}.Release|x64.ActiveCfg = Release|Any CPU
		{DD57339C-D9DE-4B6B-9C05-19B79C3B2D1C}.Release|x64.Build.0 = Release|Any CPU
		{DD57339C-D9DE-4B6B-9C05-19B79C3B2D1C}.Release|x86.ActiveCfg = Release|Any CPU
		{DD57339C-D9DE-4B6B-9C05-19B79C3B2D1C}.Release|x86.Build.0 = Release|Any CPU
		{51EFB466-5154-43AB-9DC0-186607EA5842}.Debug|Any CPU.ActiveCfg = Debug|Any CPU
		{51EFB466-5154-43AB-9DC0-186607EA5842}.Debug|Any CPU.Build.0 = Debug|Any CPU
		{51EFB466-5154-43AB-9DC0-186607EA5842}.Debug|ARM.ActiveCfg = Debug|Any CPU
		{51EFB466-5154-43AB-9DC0-186607EA5842}.Debug|ARM.Build.0 = Debug|Any CPU
		{51EFB466-5154-43AB-9DC0-186607EA5842}.Debug|x64.ActiveCfg = Debug|Any CPU
		{51EFB466-5154-43AB-9DC0-186607EA5842}.Debug|x64.Build.0 = Debug|Any CPU
		{51EFB466-5154-43AB-9DC0-186607EA5842}.Debug|x86.ActiveCfg = Debug|Any CPU
		{51EFB466-5154-43AB-9DC0-186607EA5842}.Debug|x86.Build.0 = Debug|Any CPU
		{51EFB466-5154-43AB-9DC0-186607EA5842}.Release|Any CPU.ActiveCfg = Release|Any CPU
		{51EFB466-5154-43AB-9DC0-186607EA5842}.Release|Any CPU.Build.0 = Release|Any CPU
		{51EFB466-5154-43AB-9DC0-186607EA5842}.Release|ARM.ActiveCfg = Release|Any CPU
		{51EFB466-5154-43AB-9DC0-186607EA5842}.Release|ARM.Build.0 = Release|Any CPU
		{51EFB466-5154-43AB-9DC0-186607EA5842}.Release|x64.ActiveCfg = Release|Any CPU
		{51EFB466-5154-43AB-9DC0-186607EA5842}.Release|x64.Build.0 = Release|Any CPU
		{51EFB466-5154-43AB-9DC0-186607EA5842}.Release|x86.ActiveCfg = Release|Any CPU
		{51EFB466-5154-43AB-9DC0-186607EA5842}.Release|x86.Build.0 = Release|Any CPU
		{016C7F6E-9DE7-4E54-B8C0-888C52B0160D}.Debug|Any CPU.ActiveCfg = Debug|Any CPU
		{016C7F6E-9DE7-4E54-B8C0-888C52B0160D}.Debug|Any CPU.Build.0 = Debug|Any CPU
		{016C7F6E-9DE7-4E54-B8C0-888C52B0160D}.Debug|ARM.ActiveCfg = Debug|Any CPU
		{016C7F6E-9DE7-4E54-B8C0-888C52B0160D}.Debug|ARM.Build.0 = Debug|Any CPU
		{016C7F6E-9DE7-4E54-B8C0-888C52B0160D}.Debug|x64.ActiveCfg = Debug|Any CPU
		{016C7F6E-9DE7-4E54-B8C0-888C52B0160D}.Debug|x64.Build.0 = Debug|Any CPU
		{016C7F6E-9DE7-4E54-B8C0-888C52B0160D}.Debug|x86.ActiveCfg = Debug|Any CPU
		{016C7F6E-9DE7-4E54-B8C0-888C52B0160D}.Debug|x86.Build.0 = Debug|Any CPU
		{016C7F6E-9DE7-4E54-B8C0-888C52B0160D}.Release|Any CPU.ActiveCfg = Release|Any CPU
		{016C7F6E-9DE7-4E54-B8C0-888C52B0160D}.Release|Any CPU.Build.0 = Release|Any CPU
		{016C7F6E-9DE7-4E54-B8C0-888C52B0160D}.Release|ARM.ActiveCfg = Release|Any CPU
		{016C7F6E-9DE7-4E54-B8C0-888C52B0160D}.Release|ARM.Build.0 = Release|Any CPU
		{016C7F6E-9DE7-4E54-B8C0-888C52B0160D}.Release|x64.ActiveCfg = Release|Any CPU
		{016C7F6E-9DE7-4E54-B8C0-888C52B0160D}.Release|x64.Build.0 = Release|Any CPU
		{016C7F6E-9DE7-4E54-B8C0-888C52B0160D}.Release|x86.ActiveCfg = Release|Any CPU
		{016C7F6E-9DE7-4E54-B8C0-888C52B0160D}.Release|x86.Build.0 = Release|Any CPU
		{7759A129-2626-43C5-B407-819071DA61F8}.Debug|Any CPU.ActiveCfg = Debug|Any CPU
		{7759A129-2626-43C5-B407-819071DA61F8}.Debug|Any CPU.Build.0 = Debug|Any CPU
		{7759A129-2626-43C5-B407-819071DA61F8}.Debug|ARM.ActiveCfg = Debug|Any CPU
		{7759A129-2626-43C5-B407-819071DA61F8}.Debug|ARM.Build.0 = Debug|Any CPU
		{7759A129-2626-43C5-B407-819071DA61F8}.Debug|x64.ActiveCfg = Debug|Any CPU
		{7759A129-2626-43C5-B407-819071DA61F8}.Debug|x64.Build.0 = Debug|Any CPU
		{7759A129-2626-43C5-B407-819071DA61F8}.Debug|x86.ActiveCfg = Debug|Any CPU
		{7759A129-2626-43C5-B407-819071DA61F8}.Debug|x86.Build.0 = Debug|Any CPU
		{7759A129-2626-43C5-B407-819071DA61F8}.Release|Any CPU.ActiveCfg = Release|Any CPU
		{7759A129-2626-43C5-B407-819071DA61F8}.Release|Any CPU.Build.0 = Release|Any CPU
		{7759A129-2626-43C5-B407-819071DA61F8}.Release|ARM.ActiveCfg = Release|Any CPU
		{7759A129-2626-43C5-B407-819071DA61F8}.Release|ARM.Build.0 = Release|Any CPU
		{7759A129-2626-43C5-B407-819071DA61F8}.Release|x64.ActiveCfg = Release|Any CPU
		{7759A129-2626-43C5-B407-819071DA61F8}.Release|x64.Build.0 = Release|Any CPU
		{7759A129-2626-43C5-B407-819071DA61F8}.Release|x86.ActiveCfg = Release|Any CPU
		{7759A129-2626-43C5-B407-819071DA61F8}.Release|x86.Build.0 = Release|Any CPU
		{5851B854-DB95-4D96-8698-11665D4BF6D8}.Debug|Any CPU.ActiveCfg = Debug|Any CPU
		{5851B854-DB95-4D96-8698-11665D4BF6D8}.Debug|Any CPU.Build.0 = Debug|Any CPU
		{5851B854-DB95-4D96-8698-11665D4BF6D8}.Debug|ARM.ActiveCfg = Debug|Any CPU
		{5851B854-DB95-4D96-8698-11665D4BF6D8}.Debug|ARM.Build.0 = Debug|Any CPU
		{5851B854-DB95-4D96-8698-11665D4BF6D8}.Debug|x64.ActiveCfg = Debug|Any CPU
		{5851B854-DB95-4D96-8698-11665D4BF6D8}.Debug|x64.Build.0 = Debug|Any CPU
		{5851B854-DB95-4D96-8698-11665D4BF6D8}.Debug|x86.ActiveCfg = Debug|Any CPU
		{5851B854-DB95-4D96-8698-11665D4BF6D8}.Debug|x86.Build.0 = Debug|Any CPU
		{5851B854-DB95-4D96-8698-11665D4BF6D8}.Release|Any CPU.ActiveCfg = Release|Any CPU
		{5851B854-DB95-4D96-8698-11665D4BF6D8}.Release|Any CPU.Build.0 = Release|Any CPU
		{5851B854-DB95-4D96-8698-11665D4BF6D8}.Release|ARM.ActiveCfg = Release|Any CPU
		{5851B854-DB95-4D96-8698-11665D4BF6D8}.Release|ARM.Build.0 = Release|Any CPU
		{5851B854-DB95-4D96-8698-11665D4BF6D8}.Release|x64.ActiveCfg = Release|Any CPU
		{5851B854-DB95-4D96-8698-11665D4BF6D8}.Release|x64.Build.0 = Release|Any CPU
		{5851B854-DB95-4D96-8698-11665D4BF6D8}.Release|x86.ActiveCfg = Release|Any CPU
		{5851B854-DB95-4D96-8698-11665D4BF6D8}.Release|x86.Build.0 = Release|Any CPU
		{48D26D71-9AD1-4E4C-A785-ADC9AE45C56C}.Debug|Any CPU.ActiveCfg = Debug|Any CPU
		{48D26D71-9AD1-4E4C-A785-ADC9AE45C56C}.Debug|Any CPU.Build.0 = Debug|Any CPU
		{48D26D71-9AD1-4E4C-A785-ADC9AE45C56C}.Debug|ARM.ActiveCfg = Debug|Any CPU
		{48D26D71-9AD1-4E4C-A785-ADC9AE45C56C}.Debug|ARM.Build.0 = Debug|Any CPU
		{48D26D71-9AD1-4E4C-A785-ADC9AE45C56C}.Debug|x64.ActiveCfg = Debug|Any CPU
		{48D26D71-9AD1-4E4C-A785-ADC9AE45C56C}.Debug|x64.Build.0 = Debug|Any CPU
		{48D26D71-9AD1-4E4C-A785-ADC9AE45C56C}.Debug|x86.ActiveCfg = Debug|Any CPU
		{48D26D71-9AD1-4E4C-A785-ADC9AE45C56C}.Debug|x86.Build.0 = Debug|Any CPU
		{48D26D71-9AD1-4E4C-A785-ADC9AE45C56C}.Release|Any CPU.ActiveCfg = Release|Any CPU
		{48D26D71-9AD1-4E4C-A785-ADC9AE45C56C}.Release|Any CPU.Build.0 = Release|Any CPU
		{48D26D71-9AD1-4E4C-A785-ADC9AE45C56C}.Release|ARM.ActiveCfg = Release|Any CPU
		{48D26D71-9AD1-4E4C-A785-ADC9AE45C56C}.Release|ARM.Build.0 = Release|Any CPU
		{48D26D71-9AD1-4E4C-A785-ADC9AE45C56C}.Release|x64.ActiveCfg = Release|Any CPU
		{48D26D71-9AD1-4E4C-A785-ADC9AE45C56C}.Release|x64.Build.0 = Release|Any CPU
		{48D26D71-9AD1-4E4C-A785-ADC9AE45C56C}.Release|x86.ActiveCfg = Release|Any CPU
		{48D26D71-9AD1-4E4C-A785-ADC9AE45C56C}.Release|x86.Build.0 = Release|Any CPU
	EndGlobalSection
	GlobalSection(SolutionProperties) = preSolution
		HideSolutionNode = FALSE
	EndGlobalSection
	GlobalSection(NestedProjects) = preSolution
		{3B9613C3-0FE1-4F7A-AD5A-454952629867} = {C2F3FF04-9896-4AB9-9FCD-5AD6762A6AB8}
		{0040F4F7-B6F8-4823-A6F6-1ABC16C20098} = {C2F3FF04-9896-4AB9-9FCD-5AD6762A6AB8}
		{C2A9F2F6-363A-4AE0-8080-6830CB204996} = {C2F3FF04-9896-4AB9-9FCD-5AD6762A6AB8}
		{D02DB5E8-FD54-46C4-8793-F117B7165D7D} = {C2F3FF04-9896-4AB9-9FCD-5AD6762A6AB8}
		{B4E683BC-92EA-4ADC-8B99-BA7208507D80} = {C2F3FF04-9896-4AB9-9FCD-5AD6762A6AB8}
		{D8AE3ECA-1BE6-44C5-9174-7C92CCFBEFC2} = {C2F3FF04-9896-4AB9-9FCD-5AD6762A6AB8}
		{4ED4B313-21BA-473E-ADC0-FF36E64C2DCF} = {C2F3FF04-9896-4AB9-9FCD-5AD6762A6AB8}
		{F89EE43E-F0AE-4EA1-BEFF-6322C6E8EAF5} = {C2F3FF04-9896-4AB9-9FCD-5AD6762A6AB8}
		{87DD4EAA-BBCF-439F-A263-59044B6E8930} = {C2F3FF04-9896-4AB9-9FCD-5AD6762A6AB8}
		{85BC5580-3A11-4078-8DB7-3C113DA938A2} = {C2F3FF04-9896-4AB9-9FCD-5AD6762A6AB8}
		{E17E9E38-494F-4BAF-9AD8-EDCB87BDEAF2} = {C2F3FF04-9896-4AB9-9FCD-5AD6762A6AB8}
		{C2F3FF04-9896-4AB9-9FCD-5AD6762A6AB8} = {3D04C4DC-6F8E-4326-9569-92F3E26C6EEB}
		{C51D5087-4290-456B-8355-CA83822C6B79} = {C2F3FF04-9896-4AB9-9FCD-5AD6762A6AB8}
		{A7ABECF5-98DE-411A-9D02-802EA6545840} = {C2F3FF04-9896-4AB9-9FCD-5AD6762A6AB8}
		{1076BDA8-8AC0-470C-9E50-62D9D544D9E0} = {C2F3FF04-9896-4AB9-9FCD-5AD6762A6AB8}
		{DD57339C-D9DE-4B6B-9C05-19B79C3B2D1C} = {3D04C4DC-6F8E-4326-9569-92F3E26C6EEB}
		{51EFB466-5154-43AB-9DC0-186607EA5842} = {C2F3FF04-9896-4AB9-9FCD-5AD6762A6AB8}
		{016C7F6E-9DE7-4E54-B8C0-888C52B0160D} = {3D04C4DC-6F8E-4326-9569-92F3E26C6EEB}
		{7759A129-2626-43C5-B407-819071DA61F8} = {3D04C4DC-6F8E-4326-9569-92F3E26C6EEB}
		{5851B854-DB95-4D96-8698-11665D4BF6D8} = {3D04C4DC-6F8E-4326-9569-92F3E26C6EEB}
	EndGlobalSection
	GlobalSection(ExtensibilityGlobals) = postSolution
		SolutionGuid = {A659CEFB-DDB3-49BE-AEDD-FF2F1B3297DB}
	EndGlobalSection
EndGlobal
