
Microsoft Visual Studio Solution File, Format Version 12.00
# Visual Studio Version 17
VisualStudioVersion = 17.0.32126.317
MinimumVisualStudioVersion = 10.0.40219.1
Project("{9A19103F-16F7-4668-BE54-9A1E7A4F7556}") = "FileServerApp", "FileServerApp.csproj", "{FDE698BC-D324-49E8-BF65-CE13924EBFA8}"
EndProject
Global
	GlobalSection(SolutionConfigurationPlatforms) = preSolution
		Debug|Any CPU = Debug|Any CPU
		Release|Any CPU = Release|Any CPU
	EndGlobalSection
	GlobalSection(ProjectConfigurationPlatforms) = postSolution
		{FDE698BC-D324-49E8-BF65-CE13924EBFA8}.Debug|Any CPU.ActiveCfg = Debug|Any CPU
		{FDE698BC-D324-49E8-BF65-CE13924EBFA8}.Debug|Any CPU.Build.0 = Debug|Any CPU
		{FDE698BC-D324-49E8-BF65-CE13924EBFA8}.Release|Any CPU.ActiveCfg = Release|Any CPU
		{FDE698BC-D324-49E8-BF65-CE13924EBFA8}.Release|Any CPU.Build.0 = Release|Any CPU
	EndGlobalSection
	GlobalSection(SolutionProperties) = preSolution
		HideSolutionNode = FALSE
	EndGlobalSection
	GlobalSection(ExtensibilityGlobals) = postSolution
		SolutionGuid = {39D5F663-FD05-4AE9-A456-ADAEF243BDE0}
	EndGlobalSection
EndGlobal
